// !$*UTF8*$!
{
	archiveVersion = 1;
	classes = {
	};
	objectVersion = 46;
	objects = {

/* Begin PBXAggregateTarget section */
		1B73941D0ED215E20011B0E8 /* Update Help Docs */ = {
			isa = PBXAggregateTarget;
			buildConfigurationList = 1B7394230ED216140011B0E8 /* Build configuration list for PBXAggregateTarget "Update Help Docs" */;
			buildPhases = (
				1B73941C0ED215E20011B0E8 /* Run Script Update Help Docs From Website */,
			);
			dependencies = (
			);
			name = "Update Help Docs";
			productName = "Update Help Docs";
		};
		1B8F60BD0FE6F99E00FF3891 /* AmazonAwsSecretKeyFromKeychain */ = {
			isa = PBXAggregateTarget;
			buildConfigurationList = 1B8F60C10FE6F9BE00FF3891 /* Build configuration list for PBXAggregateTarget "AmazonAwsSecretKeyFromKeychain" */;
			buildPhases = (
				1B8F60BC0FE6F99E00FF3891 /* Extract AWS Secret Key from Keychain */,
			);
			dependencies = (
			);
			name = AmazonAwsSecretKeyFromKeychain;
			productName = AmazonAwsSecretKeyFromKeychain;
		};
		1BE5C9DA0E3A1DB900334BA1 /* Distribution */ = {
			isa = PBXAggregateTarget;
			buildConfigurationList = 1BE5C9E30E3A1DD800334BA1 /* Build configuration list for PBXAggregateTarget "Distribution" */;
			buildPhases = (
				1B91FEA114FBE60700DB7C19 /* ShellScript */,
				1BE5C9D90E3A1DB900334BA1 /* Run Script Prepare Distribution */,
			);
			dependencies = (
				1B7394220ED215F40011B0E8 /* PBXTargetDependency */,
				1BE5C9DE0E3A1DBF00334BA1 /* PBXTargetDependency */,
			);
			name = Distribution;
			productName = Distribution;
		};
/* End PBXAggregateTarget section */

/* Begin PBXAppleScriptBuildPhase section */
		1B7656070E281D61004A20AE /* AppleScript */ = {
			isa = PBXAppleScriptBuildPhase;
			buildActionMask = 2147483647;
			contextName = "";
			files = (
				1B7655FD0E281D59004A20AE /* fetch-selection-info.applescript in AppleScript */,
				1B8CF64C0E2BD9480084C323 /* embed-artwork.applescript in AppleScript */,
			);
			isSharedContext = 0;
			runOnlyForDeploymentPostprocessing = 0;
		};
/* End PBXAppleScriptBuildPhase section */

/* Begin PBXBuildFile section */
		1B01E8290E4AD810009E8310 /* DataStore.m in Sources */ = {isa = PBXBuildFile; fileRef = 1B01E8280E4AD810009E8310 /* DataStore.m */; };
		1B04F3F6129C8D35007DCCE1 /* JSON.framework in Frameworks */ = {isa = PBXBuildFile; fileRef = 1B153C50129B9B570081958A /* JSON.framework */; };
		1B0B40480E4BB148006CAE99 /* Album Artwork Assistant.xcdatamodel in Sources */ = {isa = PBXBuildFile; fileRef = 1B0B40470E4BB148006CAE99 /* Album Artwork Assistant.xcdatamodel */; };
		1B12B4EB0E347927008745CC /* Album Artwork Assistant.icns in Resources */ = {isa = PBXBuildFile; fileRef = 1B12B4EA0E347927008745CC /* Album Artwork Assistant.icns */; };
		1B14A1330EDCAB1000E0591A /* Localizable.strings in Resources */ = {isa = PBXBuildFile; fileRef = 1B14A1320EDCAB1000E0591A /* Localizable.strings */; };
		1B14A2840EDE125500E0591A /* Album Artwork Assistant Help in Resources */ = {isa = PBXBuildFile; fileRef = 1B14A2830EDE125500E0591A /* Album Artwork Assistant Help */; };
		1B14A2B90EDE13D100E0591A /* release-notes.html in Resources */ = {isa = PBXBuildFile; fileRef = 1B14A2B80EDE13D100E0591A /* release-notes.html */; };
		1B14A3070EDE8FFF00E0591A /* help.css in Resources */ = {isa = PBXBuildFile; fileRef = 1B14A3040EDE8FFA00E0591A /* help.css */; };
		1B153C5D129B9BA80081958A /* JSON.framework in Embed Frameworks */ = {isa = PBXBuildFile; fileRef = 1B153C50129B9B570081958A /* JSON.framework */; };
		1B1CA3D910A0A865008479B4 /* GTMDebugThreadValidation.m in Sources */ = {isa = PBXBuildFile; fileRef = 1B1CA3D810A0A865008479B4 /* GTMDebugThreadValidation.m */; };
		1B37BF010F4C2ECD005A5BAB /* Credits.rtfd in Resources */ = {isa = PBXBuildFile; fileRef = 1B37BF000F4C2ECD005A5BAB /* Credits.rtfd */; };
		1B48E71F0E82BE5500AC5357 /* Sparkle.framework in Frameworks */ = {isa = PBXBuildFile; fileRef = 1B48E71E0E82BE5500AC5357 /* Sparkle.framework */; };
		1B48E72A0E82BE8700AC5357 /* Sparkle.framework in Embed Frameworks */ = {isa = PBXBuildFile; fileRef = 1B48E71E0E82BE5500AC5357 /* Sparkle.framework */; };
		1B48E7400E8312F900AC5357 /* dsa_pub.pem in Resources */ = {isa = PBXBuildFile; fileRef = 1B48E73F0E8312F900AC5357 /* dsa_pub.pem */; };
		1B4CEBE50E30E04900DD28B0 /* iTunes.icns in Resources */ = {isa = PBXBuildFile; fileRef = 1B4CEBE40E30E04900DD28B0 /* iTunes.icns */; };
		1B4CEBEA0E30E5C000DD28B0 /* drawer.png in Resources */ = {isa = PBXBuildFile; fileRef = 1B4CEBE90E30E5C000DD28B0 /* drawer.png */; };
		1B5956820E81B653008B24A9 /* GTMScriptRunner.m in Sources */ = {isa = PBXBuildFile; fileRef = 1B5956800E81B653008B24A9 /* GTMScriptRunner.m */; };
		1B5AC7D50F04424C00D2E9D5 /* UKCrashReporter Readme.txt in Resources */ = {isa = PBXBuildFile; fileRef = 1B5AC7CC0F04424C00D2E9D5 /* UKCrashReporter Readme.txt */; };
		1B5AC7D60F04424C00D2E9D5 /* UKCrashReporter.m in Sources */ = {isa = PBXBuildFile; fileRef = 1B5AC7CE0F04424C00D2E9D5 /* UKCrashReporter.m */; };
		1B5AC7D90F04424C00D2E9D5 /* UKNibOwner.m in Sources */ = {isa = PBXBuildFile; fileRef = 1B5AC7D20F04424C00D2E9D5 /* UKNibOwner.m */; };
		1B5AC7DA0F04424C00D2E9D5 /* UKSystemInfo.m in Sources */ = {isa = PBXBuildFile; fileRef = 1B5AC7D40F04424C00D2E9D5 /* UKSystemInfo.m */; };
		1B5AC7DF0F0442C100D2E9D5 /* UKCrashReporter.xib in Resources */ = {isa = PBXBuildFile; fileRef = 1B5AC7DE0F0442C100D2E9D5 /* UKCrashReporter.xib */; };
		1B5AC7E20F0442E400D2E9D5 /* UKCrashReporter.strings in Resources */ = {isa = PBXBuildFile; fileRef = 1B5AC7E10F0442E400D2E9D5 /* UKCrashReporter.strings */; };
		1B5AC8090F04487500D2E9D5 /* AddressBook.framework in Frameworks */ = {isa = PBXBuildFile; fileRef = 1B5AC8080F04487500D2E9D5 /* AddressBook.framework */; };
		1B6B77370E3540D800EA2035 /* QuickLookImageBrowserView.m in Sources */ = {isa = PBXBuildFile; fileRef = 1B6B77350E3540D800EA2035 /* QuickLookImageBrowserView.m */; };
		1B7655AE0E27FCF6004A20AE /* AppDelegate.m in Sources */ = {isa = PBXBuildFile; fileRef = 1B7655AD0E27FCF6004A20AE /* AppDelegate.m */; };
		1B7655FD0E281D59004A20AE /* fetch-selection-info.applescript in AppleScript */ = {isa = PBXBuildFile; fileRef = 1B7655FA0E281D32004A20AE /* fetch-selection-info.applescript */; settings = {ATTRIBUTES = (Debug, ); }; };
		1B7656EB0E28C793004A20AE /* libicucore.dylib in Frameworks */ = {isa = PBXBuildFile; fileRef = 1B7656EA0E28C793004A20AE /* libicucore.dylib */; };
		1B7657500E28D239004A20AE /* GTMNSDictionary+URLArguments.m in Sources */ = {isa = PBXBuildFile; fileRef = 1B76574E0E28D239004A20AE /* GTMNSDictionary+URLArguments.m */; };
		1B7657760E28D744004A20AE /* GTMNSString+URLArguments.m in Sources */ = {isa = PBXBuildFile; fileRef = 1B7657750E28D744004A20AE /* GTMNSString+URLArguments.m */; };
		1B7A2FF90EFC6FC00061E910 /* WebKit.framework in Frameworks */ = {isa = PBXBuildFile; fileRef = 1B7A2FF80EFC6FC00061E910 /* WebKit.framework */; };
		1B8236C90FE85F7400ABE180 /* GTMNSData+zlib.m in Sources */ = {isa = PBXBuildFile; fileRef = 1B8236C70FE85F7400ABE180 /* GTMNSData+zlib.m */; };
		1B8236CA0FE85F7400ABE180 /* GTMNSData+zlib.m in Sources */ = {isa = PBXBuildFile; fileRef = 1B8236C70FE85F7400ABE180 /* GTMNSData+zlib.m */; };
		1B8236F20FE8676500ABE180 /* libz.dylib in Frameworks */ = {isa = PBXBuildFile; fileRef = 1B8236F10FE8676500ABE180 /* libz.dylib */; };
		1B8237350FE86B3700ABE180 /* libz.dylib in Frameworks */ = {isa = PBXBuildFile; fileRef = 1B8236F10FE8676500ABE180 /* libz.dylib */; };
		1B87CDF10EEDC5FD007CAD18 /* smaller.tif in Resources */ = {isa = PBXBuildFile; fileRef = 1B87CDEF0EEDC5FD007CAD18 /* smaller.tif */; };
		1B87CDF20EEDC5FD007CAD18 /* larger.tif in Resources */ = {isa = PBXBuildFile; fileRef = 1B87CDF00EEDC5FD007CAD18 /* larger.tif */; };
		1B8CF5C00E2BBD800084C323 /* UpdateOperation.m in Sources */ = {isa = PBXBuildFile; fileRef = 1B8CF5BF0E2BBD800084C323 /* UpdateOperation.m */; };
		1B8CF5FD0E2BD4030084C323 /* GTMNSAppleEventDescriptor+Handler.m in Sources */ = {isa = PBXBuildFile; fileRef = 1B8CF5F90E2BD4030084C323 /* GTMNSAppleEventDescriptor+Handler.m */; };
		1B8CF5FE0E2BD4030084C323 /* GTMNSAppleScript+Handler.m in Sources */ = {isa = PBXBuildFile; fileRef = 1B8CF5FA0E2BD4030084C323 /* GTMNSAppleScript+Handler.m */; };
		1B8CF61B0E2BD4FD0084C323 /* Carbon.framework in Frameworks */ = {isa = PBXBuildFile; fileRef = 1B8CF61A0E2BD4FD0084C323 /* Carbon.framework */; };
		1B8CF6230E2BD5140084C323 /* GTMFourCharCode.m in Sources */ = {isa = PBXBuildFile; fileRef = 1B8CF6210E2BD5140084C323 /* GTMFourCharCode.m */; };
		1B8CF6330E2BD5970084C323 /* GTMNSAppleEventDescriptor+Foundation.m in Sources */ = {isa = PBXBuildFile; fileRef = 1B8CF6320E2BD5970084C323 /* GTMNSAppleEventDescriptor+Foundation.m */; };
		1B8CF64C0E2BD9480084C323 /* embed-artwork.applescript in AppleScript */ = {isa = PBXBuildFile; fileRef = 1B8CF64B0E2BD9480084C323 /* embed-artwork.applescript */; settings = {ATTRIBUTES = (Debug, ); }; };
		1B8CF6CE0E2BFC320084C323 /* music-artwork.sdef in Resources */ = {isa = PBXBuildFile; fileRef = 1B8CF6CD0E2BFC320084C323 /* music-artwork.sdef */; };
		1B8CF71A0E2C04CA0084C323 /* FetchiTunesAlbumsScriptCommand.m in Sources */ = {isa = PBXBuildFile; fileRef = 1B8CF7190E2C04CA0084C323 /* FetchiTunesAlbumsScriptCommand.m */; };
		1B8F604D0FE6F2EC00FF3891 /* SignedAwsSearchRequest.m in Sources */ = {isa = PBXBuildFile; fileRef = 1B8F604C0FE6F2EC00FF3891 /* SignedAwsSearchRequest.m */; };
		1B8F60680FE6F32900FF3891 /* SignedAwsSearchRequest.m in Sources */ = {isa = PBXBuildFile; fileRef = 1B8F604C0FE6F2EC00FF3891 /* SignedAwsSearchRequest.m */; };
		1B8F60720FE6F34400FF3891 /* TestSignedAwsSearchRequest.m in Sources */ = {isa = PBXBuildFile; fileRef = 1B8F60710FE6F34400FF3891 /* TestSignedAwsSearchRequest.m */; };
		1B8F616C0FE705C600FF3891 /* GTMNSString+URLArguments.m in Sources */ = {isa = PBXBuildFile; fileRef = 1B7657750E28D744004A20AE /* GTMNSString+URLArguments.m */; };
		1B8F618F0FE7772A00FF3891 /* hmac_sha2.c in Sources */ = {isa = PBXBuildFile; fileRef = 1B8F61870FE7772A00FF3891 /* hmac_sha2.c */; };
		1B8F61910FE7772A00FF3891 /* sha2.c in Sources */ = {isa = PBXBuildFile; fileRef = 1B8F618A0FE7772A00FF3891 /* sha2.c */; };
		1B8F61ED0FE7B9D900FF3891 /* sha2.c in Sources */ = {isa = PBXBuildFile; fileRef = 1B8F618A0FE7772A00FF3891 /* sha2.c */; };
		1B8F61F20FE7BA7300FF3891 /* hmac_sha2.c in Sources */ = {isa = PBXBuildFile; fileRef = 1B8F61870FE7772A00FF3891 /* hmac_sha2.c */; };
		1B8F622A0FE7BCF200FF3891 /* GTMBase64.m in Sources */ = {isa = PBXBuildFile; fileRef = 1B8F62290FE7BCF200FF3891 /* GTMBase64.m */; };
		1B8F622B0FE7BCF200FF3891 /* GTMBase64.m in Sources */ = {isa = PBXBuildFile; fileRef = 1B8F62290FE7BCF200FF3891 /* GTMBase64.m */; };
		1BAA29D30E2ABA3300B05717 /* ImageSearchItem.m in Sources */ = {isa = PBXBuildFile; fileRef = 1BAA29D20E2ABA3300B05717 /* ImageSearchItem.m */; };
		1BAA29D80E2ABB3000B05717 /* Quartz.framework in Frameworks */ = {isa = PBXBuildFile; fileRef = 1BAA29D70E2ABB3000B05717 /* Quartz.framework */; };
		1BAF15C70E33D8EF00A725F6 /* DDInvocationGrabber.m in Sources */ = {isa = PBXBuildFile; fileRef = 1BAF15C30E33D8EF00A725F6 /* DDInvocationGrabber.m */; };
		1BAF15C80E33D8EF00A725F6 /* NSObject+DDExtensions.m in Sources */ = {isa = PBXBuildFile; fileRef = 1BAF15C40E33D8EF00A725F6 /* NSObject+DDExtensions.m */; };
		1BAF16750E33F06B00A725F6 /* Find with Album Artwork Assistant.scpt in Embed iTunes AppleScript */ = {isa = PBXBuildFile; fileRef = 1BAF16740E33F05B00A725F6 /* Find with Album Artwork Assistant.scpt */; };
		1BBD59EE0E5A2749005F235C /* TrackGroup.m in Sources */ = {isa = PBXBuildFile; fileRef = 1BBD59ED0E5A2749005F235C /* TrackGroup.m */; };
		1BD13CAF0E46E457005DD669 /* amazon2plist.xslt in Resources */ = {isa = PBXBuildFile; fileRef = 1BD13CAE0E46E457005DD669 /* amazon2plist.xslt */; };
		1BD22FE3129CDD63008E87DA /* RegexKitLite.m in Sources */ = {isa = PBXBuildFile; fileRef = 1B7656E60E28C648004A20AE /* RegexKitLite.m */; };
		1DDD58160DA1D0A300B32029 /* MainMenu.xib in Resources */ = {isa = PBXBuildFile; fileRef = 1DDD58140DA1D0A300B32029 /* MainMenu.xib */; };
		8D11072B0486CEB800E47090 /* InfoPlist.strings in Resources */ = {isa = PBXBuildFile; fileRef = 089C165CFE840E0CC02AAC07 /* InfoPlist.strings */; };
		8D11072D0486CEB800E47090 /* main.m in Sources */ = {isa = PBXBuildFile; fileRef = 29B97316FDCFA39411CA2CEA /* main.m */; settings = {ATTRIBUTES = (); }; };
		8D11072F0486CEB800E47090 /* Cocoa.framework in Frameworks */ = {isa = PBXBuildFile; fileRef = 1058C7A1FEA54F0111CA2CBB /* Cocoa.framework */; };
/* End PBXBuildFile section */

/* Begin PBXBuildRule section */
		1B8F61AF0FE77AE900FF3891 /* PBXBuildRule */ = {
			isa = PBXBuildRule;
			compilerSpec = com.apple.compilers.gcc.4_2;
			fileType = sourcecode.c;
			isEditable = 1;
			outputFiles = (
			);
		};
/* End PBXBuildRule section */

/* Begin PBXContainerItemProxy section */
		1B153C4F129B9B570081958A /* PBXContainerItemProxy */ = {
			isa = PBXContainerItemProxy;
			containerPortal = 1B153C44129B9B570081958A /* JSON.xcodeproj */;
			proxyType = 2;
			remoteGlobalIDString = 53D229810C96121600276605;
			remoteInfo = JSON;
		};
		1B153C51129B9B570081958A /* PBXContainerItemProxy */ = {
			isa = PBXContainerItemProxy;
			containerPortal = 1B153C44129B9B570081958A /* JSON.xcodeproj */;
			proxyType = 2;
			remoteGlobalIDString = 53D2298D0C96122A00276605;
			remoteInfo = Tests;
		};
		1B153C53129B9B570081958A /* PBXContainerItemProxy */ = {
			isa = PBXContainerItemProxy;
			containerPortal = 1B153C44129B9B570081958A /* JSON.xcodeproj */;
			proxyType = 2;
			remoteGlobalIDString = FE2BBD800D8B0D3900184787;
			remoteInfo = libjson;
		};
		1B153C55129B9B570081958A /* PBXContainerItemProxy */ = {
			isa = PBXContainerItemProxy;
			containerPortal = 1B153C44129B9B570081958A /* JSON.xcodeproj */;
			proxyType = 2;
			remoteGlobalIDString = FE2BBDAB0D8B0EE000184787;
			remoteInfo = libjsontests;
		};
		1B7394210ED215F40011B0E8 /* PBXContainerItemProxy */ = {
			isa = PBXContainerItemProxy;
			containerPortal = 29B97313FDCFA39411CA2CEA /* Project object */;
			proxyType = 1;
			remoteGlobalIDString = 1B73941D0ED215E20011B0E8;
			remoteInfo = "Update Help Docs";
		};
		1B8F610D0FE6FC2500FF3891 /* PBXContainerItemProxy */ = {
			isa = PBXContainerItemProxy;
			containerPortal = 29B97313FDCFA39411CA2CEA /* Project object */;
			proxyType = 1;
			remoteGlobalIDString = 1B8F60BD0FE6F99E00FF3891;
			remoteInfo = AmazonAwsSecretKeyFromKeychain;
		};
		1B8F611E0FE6FC2D00FF3891 /* PBXContainerItemProxy */ = {
			isa = PBXContainerItemProxy;
			containerPortal = 29B97313FDCFA39411CA2CEA /* Project object */;
			proxyType = 1;
			remoteGlobalIDString = 1B8F60BD0FE6F99E00FF3891;
			remoteInfo = AmazonAwsSecretKeyFromKeychain;
		};
		1BC63666129B9D640007E4E0 /* PBXContainerItemProxy */ = {
			isa = PBXContainerItemProxy;
			containerPortal = 1B153C44129B9B570081958A /* JSON.xcodeproj */;
			proxyType = 1;
			remoteGlobalIDString = 53D229800C96121600276605;
			remoteInfo = JSON;
		};
		1BE5C9DD0E3A1DBF00334BA1 /* PBXContainerItemProxy */ = {
			isa = PBXContainerItemProxy;
			containerPortal = 29B97313FDCFA39411CA2CEA /* Project object */;
			proxyType = 1;
			remoteGlobalIDString = 8D1107260486CEB800E47090;
			remoteInfo = "Album Artwork Assistant";
		};
/* End PBXContainerItemProxy section */

/* Begin PBXCopyFilesBuildPhase section */
		1B48E72C0E82BEAC00AC5357 /* Embed Frameworks */ = {
			isa = PBXCopyFilesBuildPhase;
			buildActionMask = 2147483647;
			dstPath = "";
			dstSubfolderSpec = 10;
			files = (
				1B153C5D129B9BA80081958A /* JSON.framework in Embed Frameworks */,
				1B48E72A0E82BE8700AC5357 /* Sparkle.framework in Embed Frameworks */,
			);
			name = "Embed Frameworks";
			runOnlyForDeploymentPostprocessing = 0;
		};
		1BAF16630E33EE6800A725F6 /* Embed iTunes AppleScript */ = {
			isa = PBXCopyFilesBuildPhase;
			buildActionMask = 2147483647;
			dstPath = "Example AppleScript";
			dstSubfolderSpec = 7;
			files = (
				1BAF16750E33F06B00A725F6 /* Find with Album Artwork Assistant.scpt in Embed iTunes AppleScript */,
			);
			name = "Embed iTunes AppleScript";
			runOnlyForDeploymentPostprocessing = 0;
		};
/* End PBXCopyFilesBuildPhase section */

/* Begin PBXFileReference section */
		089C165DFE840E0CC02AAC07 /* InfoPlist.strings */ = {isa = PBXFileReference; fileEncoding = 10; lastKnownFileType = text.plist.strings; name = InfoPlist.strings; path = Resources/English.lproj/InfoPlist.strings; sourceTree = "<group>"; };
		1058C7A1FEA54F0111CA2CBB /* Cocoa.framework */ = {isa = PBXFileReference; lastKnownFileType = wrapper.framework; name = Cocoa.framework; path = /System/Library/Frameworks/Cocoa.framework; sourceTree = "<absolute>"; };
		13E42FB307B3F0F600E4EEF1 /* CoreData.framework */ = {isa = PBXFileReference; lastKnownFileType = wrapper.framework; name = CoreData.framework; path = /System/Library/Frameworks/CoreData.framework; sourceTree = "<absolute>"; };
		1B01E8270E4AD810009E8310 /* DataStore.h */ = {isa = PBXFileReference; fileEncoding = 4; lastKnownFileType = sourcecode.c.h; name = DataStore.h; path = src/DataStore.h; sourceTree = "<group>"; };
		1B01E8280E4AD810009E8310 /* DataStore.m */ = {isa = PBXFileReference; fileEncoding = 4; lastKnownFileType = sourcecode.c.objc; name = DataStore.m; path = src/DataStore.m; sourceTree = "<group>"; };
		1B0B40470E4BB148006CAE99 /* Album Artwork Assistant.xcdatamodel */ = {isa = PBXFileReference; fileEncoding = 4; lastKnownFileType = wrapper.xcdatamodel; name = "Album Artwork Assistant.xcdatamodel"; path = "Models/Album Artwork Assistant.xcdatamodel"; sourceTree = "<group>"; };
		1B12B4EA0E347927008745CC /* Album Artwork Assistant.icns */ = {isa = PBXFileReference; lastKnownFileType = image.icns; name = "Album Artwork Assistant.icns"; path = "extras/icon/Album Artwork Assistant.icns"; sourceTree = "<group>"; };
		1B14A1300EDCAB0700E0591A /* English */ = {isa = PBXFileReference; fileEncoding = 10; lastKnownFileType = text.plist.strings; name = English; path = Resources/English.lproj/Localizable.strings; sourceTree = "<group>"; };
		1B14A18C0EDCBA7600E0591A /* German */ = {isa = PBXFileReference; lastKnownFileType = file.xib; name = German; path = Resources/German.lproj/MainMenu.xib; sourceTree = "<group>"; };
		1B14A1940EDCC5AC00E0591A /* German */ = {isa = PBXFileReference; lastKnownFileType = text.plist.strings; name = German; path = Resources/German.lproj/Localizable.strings; sourceTree = "<group>"; };
		1B14A2B80EDE13D100E0591A /* release-notes.html */ = {isa = PBXFileReference; fileEncoding = 4; lastKnownFileType = text.html; name = "release-notes.html"; path = "Resources/release-notes.html"; sourceTree = "<group>"; };
		1B14A2CA0EDE83FC00E0591A /* German */ = {isa = PBXFileReference; lastKnownFileType = folder; name = German; path = "Resources/German.lproj/Album Artwork Assistant Help"; sourceTree = "<group>"; };
		1B14A3030EDE8FFA00E0591A /* extract-images.xslt */ = {isa = PBXFileReference; fileEncoding = 10; lastKnownFileType = text.xml; path = "extract-images.xslt"; sourceTree = "<group>"; };
		1B14A3040EDE8FFA00E0591A /* help.css */ = {isa = PBXFileReference; fileEncoding = 10; lastKnownFileType = text.css; path = help.css; sourceTree = "<group>"; };
		1B14A3050EDE8FFA00E0591A /* update-help.sh */ = {isa = PBXFileReference; fileEncoding = 10; lastKnownFileType = text.script.sh; path = "update-help.sh"; sourceTree = "<group>"; };
		1B14A3060EDE8FFA00E0591A /* update-help.xslt */ = {isa = PBXFileReference; fileEncoding = 10; lastKnownFileType = text.xml; path = "update-help.xslt"; sourceTree = "<group>"; };
		1B153C44129B9B570081958A /* JSON.xcodeproj */ = {isa = PBXFileReference; lastKnownFileType = "wrapper.pb-project"; name = JSON.xcodeproj; path = "src-external/json-framework/JSON.xcodeproj"; sourceTree = "<group>"; };
		1B1CA3D710A0A865008479B4 /* GTMDebugThreadValidation.h */ = {isa = PBXFileReference; fileEncoding = 4; lastKnownFileType = sourcecode.c.h; name = GTMDebugThreadValidation.h; path = "src-external/google-toolbox-for-mac-read-only/DebugUtils/GTMDebugThreadValidation.h"; sourceTree = "<group>"; };
		1B1CA3D810A0A865008479B4 /* GTMDebugThreadValidation.m */ = {isa = PBXFileReference; fileEncoding = 4; lastKnownFileType = sourcecode.c.objc; name = GTMDebugThreadValidation.m; path = "src-external/google-toolbox-for-mac-read-only/DebugUtils/GTMDebugThreadValidation.m"; sourceTree = "<group>"; };
		1B37BF000F4C2ECD005A5BAB /* Credits.rtfd */ = {isa = PBXFileReference; lastKnownFileType = wrapper.rtfd; name = Credits.rtfd; path = Resources/Credits.rtfd; sourceTree = "<group>"; };
		1B48E71E0E82BE5500AC5357 /* Sparkle.framework */ = {isa = PBXFileReference; lastKnownFileType = wrapper.framework; name = Sparkle.framework; path = "sparkle/With Garbage Collection/Sparkle.framework"; sourceTree = "<group>"; };
		1B48E73F0E8312F900AC5357 /* dsa_pub.pem */ = {isa = PBXFileReference; fileEncoding = 4; lastKnownFileType = text; name = dsa_pub.pem; path = Resources/dsa_pub.pem; sourceTree = "<group>"; };
		1B48E7850E8326ED00AC5357 /* appcast.xml */ = {isa = PBXFileReference; fileEncoding = 4; lastKnownFileType = text.xml; path = appcast.xml; sourceTree = "<group>"; };
		1B4CEBE40E30E04900DD28B0 /* iTunes.icns */ = {isa = PBXFileReference; lastKnownFileType = image.icns; name = iTunes.icns; path = Resources/iTunes.icns; sourceTree = "<group>"; };
		1B4CEBE90E30E5C000DD28B0 /* drawer.png */ = {isa = PBXFileReference; lastKnownFileType = image.png; name = drawer.png; path = Resources/drawer.png; sourceTree = "<group>"; };
		1B5956800E81B653008B24A9 /* GTMScriptRunner.m */ = {isa = PBXFileReference; fileEncoding = 4; lastKnownFileType = sourcecode.c.objc; name = GTMScriptRunner.m; path = "src-external/google-toolbox-for-mac-read-only/Foundation/GTMScriptRunner.m"; sourceTree = "<group>"; };
		1B5956810E81B653008B24A9 /* GTMScriptRunner.h */ = {isa = PBXFileReference; fileEncoding = 4; lastKnownFileType = sourcecode.c.h; name = GTMScriptRunner.h; path = "src-external/google-toolbox-for-mac-read-only/Foundation/GTMScriptRunner.h"; sourceTree = "<group>"; };
		1B5AC7CC0F04424C00D2E9D5 /* UKCrashReporter Readme.txt */ = {isa = PBXFileReference; fileEncoding = 4; lastKnownFileType = text; path = "UKCrashReporter Readme.txt"; sourceTree = "<group>"; };
		1B5AC7CD0F04424C00D2E9D5 /* UKCrashReporter.h */ = {isa = PBXFileReference; fileEncoding = 4; lastKnownFileType = sourcecode.c.h; path = UKCrashReporter.h; sourceTree = "<group>"; };
		1B5AC7CE0F04424C00D2E9D5 /* UKCrashReporter.m */ = {isa = PBXFileReference; fileEncoding = 4; lastKnownFileType = sourcecode.c.objc; path = UKCrashReporter.m; sourceTree = "<group>"; };
		1B5AC7D00F04424C00D2E9D5 /* English */ = {isa = PBXFileReference; fileEncoding = 4; lastKnownFileType = text.plist.strings; name = English; path = English.lproj/UKCrashReporter.strings; sourceTree = "<group>"; };
		1B5AC7D10F04424C00D2E9D5 /* UKNibOwner.h */ = {isa = PBXFileReference; fileEncoding = 4; lastKnownFileType = sourcecode.c.h; path = UKNibOwner.h; sourceTree = "<group>"; };
		1B5AC7D20F04424C00D2E9D5 /* UKNibOwner.m */ = {isa = PBXFileReference; fileEncoding = 4; lastKnownFileType = sourcecode.c.objc; path = UKNibOwner.m; sourceTree = "<group>"; };
		1B5AC7D30F04424C00D2E9D5 /* UKSystemInfo.h */ = {isa = PBXFileReference; fileEncoding = 4; lastKnownFileType = sourcecode.c.h; path = UKSystemInfo.h; sourceTree = "<group>"; };
		1B5AC7D40F04424C00D2E9D5 /* UKSystemInfo.m */ = {isa = PBXFileReference; fileEncoding = 4; lastKnownFileType = sourcecode.c.objc; path = UKSystemInfo.m; sourceTree = "<group>"; };
		1B5AC7DC0F04429B00D2E9D5 /* English */ = {isa = PBXFileReference; lastKnownFileType = file.xib; name = English; path = English.lproj/UKCrashReporter.xib; sourceTree = "<group>"; };
		1B5AC7E00F0442CD00D2E9D5 /* German */ = {isa = PBXFileReference; lastKnownFileType = file.xib; name = German; path = German.lproj/UKCrashReporter.xib; sourceTree = "<group>"; };
		1B5AC7E30F0442EC00D2E9D5 /* German */ = {isa = PBXFileReference; lastKnownFileType = text.plist.strings; name = German; path = German.lproj/UKCrashReporter.strings; sourceTree = "<group>"; };
		1B5AC8080F04487500D2E9D5 /* AddressBook.framework */ = {isa = PBXFileReference; lastKnownFileType = wrapper.framework; name = AddressBook.framework; path = System/Library/Frameworks/AddressBook.framework; sourceTree = SDKROOT; };
		1B6B77210E353D5000EA2035 /* QuickLook.h */ = {isa = PBXFileReference; fileEncoding = 4; lastKnownFileType = sourcecode.c.h; name = QuickLook.h; path = "src-external/QuickLook/QuickLook.h"; sourceTree = "<group>"; };
		1B6B77350E3540D800EA2035 /* QuickLookImageBrowserView.m */ = {isa = PBXFileReference; fileEncoding = 4; lastKnownFileType = sourcecode.c.objc; name = QuickLookImageBrowserView.m; path = src/QuickLookImageBrowserView.m; sourceTree = "<group>"; };
		1B6B77360E3540D800EA2035 /* QuickLookImageBrowserView.h */ = {isa = PBXFileReference; fileEncoding = 4; lastKnownFileType = sourcecode.c.h; name = QuickLookImageBrowserView.h; path = src/QuickLookImageBrowserView.h; sourceTree = "<group>"; };
		1B6B78D90E3708C900EA2035 /* IKImageBrowserFileUrlDataSource.h */ = {isa = PBXFileReference; fileEncoding = 4; lastKnownFileType = sourcecode.c.h; name = IKImageBrowserFileUrlDataSource.h; path = src/IKImageBrowserFileUrlDataSource.h; sourceTree = "<group>"; };
		1B7655AC0E27FCF6004A20AE /* AppDelegate.h */ = {isa = PBXFileReference; fileEncoding = 4; lastKnownFileType = sourcecode.c.h; name = AppDelegate.h; path = src/AppDelegate.h; sourceTree = "<group>"; };
		1B7655AD0E27FCF6004A20AE /* AppDelegate.m */ = {isa = PBXFileReference; fileEncoding = 4; lastKnownFileType = sourcecode.c.objc; name = AppDelegate.m; path = src/AppDelegate.m; sourceTree = "<group>"; };
		1B7655FA0E281D32004A20AE /* fetch-selection-info.applescript */ = {isa = PBXFileReference; fileEncoding = 4; lastKnownFileType = sourcecode.applescript; lineEnding = 0; name = "fetch-selection-info.applescript"; path = "src/fetch-selection-info.applescript"; sourceTree = "<group>"; };
		1B7656E60E28C648004A20AE /* RegexKitLite.m */ = {isa = PBXFileReference; fileEncoding = 4; lastKnownFileType = sourcecode.c.objc; name = RegexKitLite.m; path = "src-external/RegexKitLite-4.0/RegexKitLite.m"; sourceTree = "<group>"; };
		1B7656E70E28C648004A20AE /* RegexKitLite.h */ = {isa = PBXFileReference; fileEncoding = 4; lastKnownFileType = sourcecode.c.h; name = RegexKitLite.h; path = "src-external/RegexKitLite-4.0/RegexKitLite.h"; sourceTree = "<group>"; };
		1B7656EA0E28C793004A20AE /* libicucore.dylib */ = {isa = PBXFileReference; lastKnownFileType = "compiled.mach-o.dylib"; name = libicucore.dylib; path = usr/lib/libicucore.dylib; sourceTree = SDKROOT; };
		1B76574D0E28D193004A20AE /* GTMDefines.h */ = {isa = PBXFileReference; fileEncoding = 4; lastKnownFileType = sourcecode.c.h; name = GTMDefines.h; path = "src-external/google-toolbox-for-mac-read-only/GTMDefines.h"; sourceTree = "<group>"; };
		1B76574E0E28D239004A20AE /* GTMNSDictionary+URLArguments.m */ = {isa = PBXFileReference; fileEncoding = 4; lastKnownFileType = sourcecode.c.objc; name = "GTMNSDictionary+URLArguments.m"; path = "src-external/google-toolbox-for-mac-read-only/Foundation/GTMNSDictionary+URLArguments.m"; sourceTree = "<group>"; };
		1B76574F0E28D239004A20AE /* GTMNSDictionary+URLArguments.h */ = {isa = PBXFileReference; fileEncoding = 4; lastKnownFileType = sourcecode.c.h; name = "GTMNSDictionary+URLArguments.h"; path = "src-external/google-toolbox-for-mac-read-only/Foundation/GTMNSDictionary+URLArguments.h"; sourceTree = "<group>"; };
		1B7657590E28D283004A20AE /* GTMDebugSelectorValidation.h */ = {isa = PBXFileReference; fileEncoding = 4; lastKnownFileType = sourcecode.c.h; name = GTMDebugSelectorValidation.h; path = "src-external/google-toolbox-for-mac-read-only/DebugUtils/GTMDebugSelectorValidation.h"; sourceTree = "<group>"; };
		1B76575B0E28D28E004A20AE /* GTMMethodCheck.h */ = {isa = PBXFileReference; fileEncoding = 4; lastKnownFileType = sourcecode.c.h; name = GTMMethodCheck.h; path = "src-external/google-toolbox-for-mac-read-only/DebugUtils/GTMMethodCheck.h"; sourceTree = "<group>"; };
		1B7657740E28D744004A20AE /* GTMNSString+URLArguments.h */ = {isa = PBXFileReference; fileEncoding = 4; lastKnownFileType = sourcecode.c.h; name = "GTMNSString+URLArguments.h"; path = "src-external/google-toolbox-for-mac-read-only/Foundation/GTMNSString+URLArguments.h"; sourceTree = "<group>"; };
		1B7657750E28D744004A20AE /* GTMNSString+URLArguments.m */ = {isa = PBXFileReference; fileEncoding = 4; lastKnownFileType = sourcecode.c.objc; name = "GTMNSString+URLArguments.m"; path = "src-external/google-toolbox-for-mac-read-only/Foundation/GTMNSString+URLArguments.m"; sourceTree = "<group>"; };
		1B7A2FF80EFC6FC00061E910 /* WebKit.framework */ = {isa = PBXFileReference; lastKnownFileType = wrapper.framework; name = WebKit.framework; path = System/Library/Frameworks/WebKit.framework; sourceTree = SDKROOT; };
		1B7B84750E8C3D200048A3B8 /* English */ = {isa = PBXFileReference; lastKnownFileType = folder; name = English; path = "Resources/English.lproj/Album Artwork Assistant Help"; sourceTree = "<group>"; };
		1B8236C70FE85F7400ABE180 /* GTMNSData+zlib.m */ = {isa = PBXFileReference; fileEncoding = 4; lastKnownFileType = sourcecode.c.objc; name = "GTMNSData+zlib.m"; path = "src-external/google-toolbox-for-mac-read-only/Foundation/GTMNSData+zlib.m"; sourceTree = "<group>"; };
		1B8236C80FE85F7400ABE180 /* GTMNSData+zlib.h */ = {isa = PBXFileReference; fileEncoding = 4; lastKnownFileType = sourcecode.c.h; name = "GTMNSData+zlib.h"; path = "src-external/google-toolbox-for-mac-read-only/Foundation/GTMNSData+zlib.h"; sourceTree = "<group>"; };
		1B8236F10FE8676500ABE180 /* libz.dylib */ = {isa = PBXFileReference; lastKnownFileType = "compiled.mach-o.dylib"; name = libz.dylib; path = usr/lib/libz.dylib; sourceTree = SDKROOT; };
		1B87CDEF0EEDC5FD007CAD18 /* smaller.tif */ = {isa = PBXFileReference; lastKnownFileType = image.tiff; name = smaller.tif; path = Resources/smaller.tif; sourceTree = "<group>"; };
		1B87CDF00EEDC5FD007CAD18 /* larger.tif */ = {isa = PBXFileReference; lastKnownFileType = image.tiff; name = larger.tif; path = Resources/larger.tif; sourceTree = "<group>"; };
		1B8CF5BE0E2BBD800084C323 /* UpdateOperation.h */ = {isa = PBXFileReference; fileEncoding = 4; lastKnownFileType = sourcecode.c.h; name = UpdateOperation.h; path = src/UpdateOperation.h; sourceTree = "<group>"; };
		1B8CF5BF0E2BBD800084C323 /* UpdateOperation.m */ = {isa = PBXFileReference; fileEncoding = 4; lastKnownFileType = sourcecode.c.objc; name = UpdateOperation.m; path = src/UpdateOperation.m; sourceTree = "<group>"; };
		1B8CF5F90E2BD4030084C323 /* GTMNSAppleEventDescriptor+Handler.m */ = {isa = PBXFileReference; fileEncoding = 4; lastKnownFileType = sourcecode.c.objc; name = "GTMNSAppleEventDescriptor+Handler.m"; path = "src-external/google-toolbox-for-mac-read-only/Foundation/GTMNSAppleEventDescriptor+Handler.m"; sourceTree = "<group>"; };
		1B8CF5FA0E2BD4030084C323 /* GTMNSAppleScript+Handler.m */ = {isa = PBXFileReference; fileEncoding = 4; lastKnownFileType = sourcecode.c.objc; name = "GTMNSAppleScript+Handler.m"; path = "src-external/google-toolbox-for-mac-read-only/Foundation/GTMNSAppleScript+Handler.m"; sourceTree = "<group>"; };
		1B8CF5FB0E2BD4030084C323 /* GTMNSAppleEventDescriptor+Handler.h */ = {isa = PBXFileReference; fileEncoding = 4; lastKnownFileType = sourcecode.c.h; name = "GTMNSAppleEventDescriptor+Handler.h"; path = "src-external/google-toolbox-for-mac-read-only/Foundation/GTMNSAppleEventDescriptor+Handler.h"; sourceTree = "<group>"; };
		1B8CF5FC0E2BD4030084C323 /* GTMNSAppleScript+Handler.h */ = {isa = PBXFileReference; fileEncoding = 4; lastKnownFileType = sourcecode.c.h; name = "GTMNSAppleScript+Handler.h"; path = "src-external/google-toolbox-for-mac-read-only/Foundation/GTMNSAppleScript+Handler.h"; sourceTree = "<group>"; };
		1B8CF61A0E2BD4FD0084C323 /* Carbon.framework */ = {isa = PBXFileReference; lastKnownFileType = wrapper.framework; name = Carbon.framework; path = /System/Library/Frameworks/Carbon.framework; sourceTree = "<absolute>"; };
		1B8CF6210E2BD5140084C323 /* GTMFourCharCode.m */ = {isa = PBXFileReference; fileEncoding = 4; lastKnownFileType = sourcecode.c.objc; name = GTMFourCharCode.m; path = "src-external/google-toolbox-for-mac-read-only/Foundation/GTMFourCharCode.m"; sourceTree = "<group>"; };
		1B8CF6220E2BD5140084C323 /* GTMFourCharCode.h */ = {isa = PBXFileReference; fileEncoding = 4; lastKnownFileType = sourcecode.c.h; name = GTMFourCharCode.h; path = "src-external/google-toolbox-for-mac-read-only/Foundation/GTMFourCharCode.h"; sourceTree = "<group>"; };
		1B8CF6310E2BD5970084C323 /* GTMNSAppleEventDescriptor+Foundation.h */ = {isa = PBXFileReference; fileEncoding = 4; lastKnownFileType = sourcecode.c.h; name = "GTMNSAppleEventDescriptor+Foundation.h"; path = "src-external/google-toolbox-for-mac-read-only/Foundation/GTMNSAppleEventDescriptor+Foundation.h"; sourceTree = "<group>"; };
		1B8CF6320E2BD5970084C323 /* GTMNSAppleEventDescriptor+Foundation.m */ = {isa = PBXFileReference; fileEncoding = 4; lastKnownFileType = sourcecode.c.objc; name = "GTMNSAppleEventDescriptor+Foundation.m"; path = "src-external/google-toolbox-for-mac-read-only/Foundation/GTMNSAppleEventDescriptor+Foundation.m"; sourceTree = "<group>"; };
		1B8CF64B0E2BD9480084C323 /* embed-artwork.applescript */ = {isa = PBXFileReference; fileEncoding = 4; lastKnownFileType = sourcecode.applescript; name = "embed-artwork.applescript"; path = "src/embed-artwork.applescript"; sourceTree = "<group>"; };
		1B8CF6CD0E2BFC320084C323 /* music-artwork.sdef */ = {isa = PBXFileReference; fileEncoding = 4; lastKnownFileType = text.sdef; name = "music-artwork.sdef"; path = "src/music-artwork.sdef"; sourceTree = "<group>"; };
		1B8CF7180E2C04CA0084C323 /* FetchiTunesAlbumsScriptCommand.h */ = {isa = PBXFileReference; fileEncoding = 4; lastKnownFileType = sourcecode.c.h; name = FetchiTunesAlbumsScriptCommand.h; path = src/FetchiTunesAlbumsScriptCommand.h; sourceTree = "<group>"; };
		1B8CF7190E2C04CA0084C323 /* FetchiTunesAlbumsScriptCommand.m */ = {isa = PBXFileReference; fileEncoding = 4; lastKnownFileType = sourcecode.c.objc; name = FetchiTunesAlbumsScriptCommand.m; path = src/FetchiTunesAlbumsScriptCommand.m; sourceTree = "<group>"; };
		1B8F604B0FE6F2EC00FF3891 /* SignedAwsSearchRequest.h */ = {isa = PBXFileReference; fileEncoding = 4; lastKnownFileType = sourcecode.c.h; name = SignedAwsSearchRequest.h; path = src/SignedAwsSearchRequest.h; sourceTree = "<group>"; };
		1B8F604C0FE6F2EC00FF3891 /* SignedAwsSearchRequest.m */ = {isa = PBXFileReference; fileEncoding = 4; lastKnownFileType = sourcecode.c.objc; name = SignedAwsSearchRequest.m; path = src/SignedAwsSearchRequest.m; sourceTree = "<group>"; };
		1B8F60620FE6F30D00FF3891 /* TestSignedAwsSearchRequest.octest */ = {isa = PBXFileReference; explicitFileType = wrapper.cfbundle; includeInIndex = 0; path = TestSignedAwsSearchRequest.octest; sourceTree = BUILT_PRODUCTS_DIR; };
		1B8F60630FE6F30D00FF3891 /* TestSignedAwsSearchRequest-Info.plist */ = {isa = PBXFileReference; lastKnownFileType = text.plist.xml; path = "TestSignedAwsSearchRequest-Info.plist"; sourceTree = "<group>"; };
		1B8F60700FE6F34400FF3891 /* TestSignedAwsSearchRequest.h */ = {isa = PBXFileReference; fileEncoding = 4; lastKnownFileType = sourcecode.c.h; name = TestSignedAwsSearchRequest.h; path = src/TestSignedAwsSearchRequest.h; sourceTree = "<group>"; };
		1B8F60710FE6F34400FF3891 /* TestSignedAwsSearchRequest.m */ = {isa = PBXFileReference; fileEncoding = 4; lastKnownFileType = sourcecode.c.objc; name = TestSignedAwsSearchRequest.m; path = src/TestSignedAwsSearchRequest.m; sourceTree = "<group>"; };
		1B8F61870FE7772A00FF3891 /* hmac_sha2.c */ = {isa = PBXFileReference; fileEncoding = 4; lastKnownFileType = sourcecode.c.c; path = hmac_sha2.c; sourceTree = "<group>"; };
		1B8F61880FE7772A00FF3891 /* hmac_sha2.h */ = {isa = PBXFileReference; fileEncoding = 4; lastKnownFileType = sourcecode.c.h; path = hmac_sha2.h; sourceTree = "<group>"; };
		1B8F618A0FE7772A00FF3891 /* sha2.c */ = {isa = PBXFileReference; fileEncoding = 4; lastKnownFileType = sourcecode.c.c; path = sha2.c; sourceTree = "<group>"; };
		1B8F618B0FE7772A00FF3891 /* sha2.h */ = {isa = PBXFileReference; fileEncoding = 4; lastKnownFileType = sourcecode.c.h; path = sha2.h; sourceTree = "<group>"; };
		1B8F62280FE7BCF200FF3891 /* GTMBase64.h */ = {isa = PBXFileReference; fileEncoding = 4; lastKnownFileType = sourcecode.c.h; name = GTMBase64.h; path = "src-external/google-toolbox-for-mac-read-only/Foundation/GTMBase64.h"; sourceTree = "<group>"; };
		1B8F62290FE7BCF200FF3891 /* GTMBase64.m */ = {isa = PBXFileReference; fileEncoding = 4; lastKnownFileType = sourcecode.c.objc; name = GTMBase64.m; path = "src-external/google-toolbox-for-mac-read-only/Foundation/GTMBase64.m"; sourceTree = "<group>"; };
		1BAA29D10E2ABA3300B05717 /* ImageSearchItem.h */ = {isa = PBXFileReference; fileEncoding = 4; lastKnownFileType = sourcecode.c.h; name = ImageSearchItem.h; path = src/ImageSearchItem.h; sourceTree = "<group>"; };
		1BAA29D20E2ABA3300B05717 /* ImageSearchItem.m */ = {isa = PBXFileReference; fileEncoding = 4; lastKnownFileType = sourcecode.c.objc; name = ImageSearchItem.m; path = src/ImageSearchItem.m; sourceTree = "<group>"; };
		1BAA29D70E2ABB3000B05717 /* Quartz.framework */ = {isa = PBXFileReference; lastKnownFileType = wrapper.framework; name = Quartz.framework; path = /System/Library/Frameworks/Quartz.framework; sourceTree = "<absolute>"; };
		1BAF14A50E328D6200A725F6 /* StatusDelegateProtocol.h */ = {isa = PBXFileReference; fileEncoding = 4; lastKnownFileType = sourcecode.c.h; name = StatusDelegateProtocol.h; path = src/StatusDelegateProtocol.h; sourceTree = "<group>"; };
		1BAF15C30E33D8EF00A725F6 /* DDInvocationGrabber.m */ = {isa = PBXFileReference; fileEncoding = 4; lastKnownFileType = sourcecode.c.objc; name = DDInvocationGrabber.m; path = "src-external/DDFoundation/tip/DDInvocationGrabber.m"; sourceTree = "<group>"; };
		1BAF15C40E33D8EF00A725F6 /* NSObject+DDExtensions.m */ = {isa = PBXFileReference; fileEncoding = 4; lastKnownFileType = sourcecode.c.objc; name = "NSObject+DDExtensions.m"; path = "src-external/DDFoundation/tip/NSObject+DDExtensions.m"; sourceTree = "<group>"; };
		1BAF15C50E33D8EF00A725F6 /* DDInvocationGrabber.h */ = {isa = PBXFileReference; fileEncoding = 4; lastKnownFileType = sourcecode.c.h; name = DDInvocationGrabber.h; path = "src-external/DDFoundation/tip/DDInvocationGrabber.h"; sourceTree = "<group>"; };
		1BAF15C60E33D8EF00A725F6 /* NSObject+DDExtensions.h */ = {isa = PBXFileReference; fileEncoding = 4; lastKnownFileType = sourcecode.c.h; name = "NSObject+DDExtensions.h"; path = "src-external/DDFoundation/tip/NSObject+DDExtensions.h"; sourceTree = "<group>"; };
		1BAF160E0E33E16800A725F6 /* NSString+NDUtilities.m */ = {isa = PBXFileReference; fileEncoding = 4; lastKnownFileType = sourcecode.c.objc; name = "NSString+NDUtilities.m"; path = "src-external/NDAppleScriptObjectProject/Classes/NSString+NDUtilities.m"; sourceTree = "<group>"; };
		1BAF160F0E33E16800A725F6 /* NDAppleScriptObject.m */ = {isa = PBXFileReference; fileEncoding = 4; lastKnownFileType = sourcecode.c.objc; name = NDAppleScriptObject.m; path = "src-external/NDAppleScriptObjectProject/Classes/NDAppleScriptObject.m"; sourceTree = "<group>"; };
		1BAF16100E33E16800A725F6 /* NDResourceFork.h */ = {isa = PBXFileReference; fileEncoding = 4; lastKnownFileType = sourcecode.c.h; name = NDResourceFork.h; path = "src-external/NDAppleScriptObjectProject/Classes/NDResourceFork.h"; sourceTree = "<group>"; };
		1BAF16110E33E16800A725F6 /* NDComponentInstance.m */ = {isa = PBXFileReference; fileEncoding = 4; lastKnownFileType = sourcecode.c.objc; name = NDComponentInstance.m; path = "src-external/NDAppleScriptObjectProject/Classes/NDComponentInstance.m"; sourceTree = "<group>"; };
		1BAF16120E33E16800A725F6 /* NSURL+NDCarbonUtilities.h */ = {isa = PBXFileReference; fileEncoding = 4; lastKnownFileType = sourcecode.c.h; name = "NSURL+NDCarbonUtilities.h"; path = "src-external/NDAppleScriptObjectProject/Classes/NSURL+NDCarbonUtilities.h"; sourceTree = "<group>"; };
		1BAF16130E33E16800A725F6 /* NDAppleScriptObject.h */ = {isa = PBXFileReference; fileEncoding = 4; lastKnownFileType = sourcecode.c.h; name = NDAppleScriptObject.h; path = "src-external/NDAppleScriptObjectProject/Classes/NDAppleScriptObject.h"; sourceTree = "<group>"; };
		1BAF16140E33E16800A725F6 /* NSAppleEventDescriptor+NDAppleScriptObject.m */ = {isa = PBXFileReference; fileEncoding = 4; lastKnownFileType = sourcecode.c.objc; name = "NSAppleEventDescriptor+NDAppleScriptObject.m"; path = "src-external/NDAppleScriptObjectProject/Classes/NSAppleEventDescriptor+NDAppleScriptObject.m"; sourceTree = "<group>"; };
		1BAF16150E33E16800A725F6 /* NSURL+NDCarbonUtilities.m */ = {isa = PBXFileReference; fileEncoding = 4; lastKnownFileType = sourcecode.c.objc; name = "NSURL+NDCarbonUtilities.m"; path = "src-external/NDAppleScriptObjectProject/Classes/NSURL+NDCarbonUtilities.m"; sourceTree = "<group>"; };
		1BAF16160E33E16800A725F6 /* NDResourceFork.m */ = {isa = PBXFileReference; fileEncoding = 4; lastKnownFileType = sourcecode.c.objc; name = NDResourceFork.m; path = "src-external/NDAppleScriptObjectProject/Classes/NDResourceFork.m"; sourceTree = "<group>"; };
		1BAF16170E33E16800A725F6 /* NSString+NDUtilities.h */ = {isa = PBXFileReference; fileEncoding = 4; lastKnownFileType = sourcecode.c.h; name = "NSString+NDUtilities.h"; path = "src-external/NDAppleScriptObjectProject/Classes/NSString+NDUtilities.h"; sourceTree = "<group>"; };
		1BAF16180E33E16800A725F6 /* NSAppleEventDescriptor+NDAppleScriptObject.h */ = {isa = PBXFileReference; fileEncoding = 4; lastKnownFileType = sourcecode.c.h; name = "NSAppleEventDescriptor+NDAppleScriptObject.h"; path = "src-external/NDAppleScriptObjectProject/Classes/NSAppleEventDescriptor+NDAppleScriptObject.h"; sourceTree = "<group>"; };
		1BAF16190E33E16800A725F6 /* NDAppleScriptObject_Protocols.h */ = {isa = PBXFileReference; fileEncoding = 4; lastKnownFileType = sourcecode.c.h; name = NDAppleScriptObject_Protocols.h; path = "src-external/NDAppleScriptObjectProject/Classes/NDAppleScriptObject_Protocols.h"; sourceTree = "<group>"; };
		1BAF161A0E33E16800A725F6 /* NSString+NDCarbonUtilities.m */ = {isa = PBXFileReference; fileEncoding = 4; lastKnownFileType = sourcecode.c.objc; name = "NSString+NDCarbonUtilities.m"; path = "src-external/NDAppleScriptObjectProject/Classes/NSString+NDCarbonUtilities.m"; sourceTree = "<group>"; };
		1BAF161B0E33E16800A725F6 /* NDComponentInstance.h */ = {isa = PBXFileReference; fileEncoding = 4; lastKnownFileType = sourcecode.c.h; name = NDComponentInstance.h; path = "src-external/NDAppleScriptObjectProject/Classes/NDComponentInstance.h"; sourceTree = "<group>"; };
		1BAF161C0E33E16800A725F6 /* NSString+NDCarbonUtilities.h */ = {isa = PBXFileReference; fileEncoding = 4; lastKnownFileType = sourcecode.c.h; name = "NSString+NDCarbonUtilities.h"; path = "src-external/NDAppleScriptObjectProject/Classes/NSString+NDCarbonUtilities.h"; sourceTree = "<group>"; };
		1BAF16740E33F05B00A725F6 /* Find with Album Artwork Assistant.scpt */ = {isa = PBXFileReference; fileEncoding = 4; lastKnownFileType = sourcecode.scpt; name = "Find with Album Artwork Assistant.scpt"; path = "extras/Find with Album Artwork Assistant.scpt"; sourceTree = "<group>"; };
		1BBD59EC0E5A2749005F235C /* TrackGroup.h */ = {isa = PBXFileReference; fileEncoding = 4; lastKnownFileType = sourcecode.c.h; name = TrackGroup.h; path = src/TrackGroup.h; sourceTree = "<group>"; };
		1BBD59ED0E5A2749005F235C /* TrackGroup.m */ = {isa = PBXFileReference; fileEncoding = 4; lastKnownFileType = sourcecode.c.objc; name = TrackGroup.m; path = src/TrackGroup.m; sourceTree = "<group>"; };
		1BC5A21610A128B400561411 /* package-distribution.sh */ = {isa = PBXFileReference; fileEncoding = 4; lastKnownFileType = text.script.sh; path = "package-distribution.sh"; sourceTree = "<group>"; };
		1BC5A22710A12E2800561411 /* notes.txt */ = {isa = PBXFileReference; fileEncoding = 4; lastKnownFileType = text; path = notes.txt; sourceTree = "<group>"; };
		1BD13CAE0E46E457005DD669 /* amazon2plist.xslt */ = {isa = PBXFileReference; fileEncoding = 4; lastKnownFileType = text.xml; name = amazon2plist.xslt; path = Resources/amazon2plist.xslt; sourceTree = "<group>"; };
		1DDD58150DA1D0A300B32029 /* English */ = {isa = PBXFileReference; explicitFileType = file.xib; name = English; path = Resources/English.lproj/MainMenu.xib; sourceTree = "<group>"; };
		29B97316FDCFA39411CA2CEA /* main.m */ = {isa = PBXFileReference; fileEncoding = 4; lastKnownFileType = sourcecode.c.objc; path = main.m; sourceTree = "<group>"; };
		29B97324FDCFA39411CA2CEA /* AppKit.framework */ = {isa = PBXFileReference; lastKnownFileType = wrapper.framework; name = AppKit.framework; path = /System/Library/Frameworks/AppKit.framework; sourceTree = "<absolute>"; };
		29B97325FDCFA39411CA2CEA /* Foundation.framework */ = {isa = PBXFileReference; lastKnownFileType = wrapper.framework; name = Foundation.framework; path = /System/Library/Frameworks/Foundation.framework; sourceTree = "<absolute>"; };
		32CA4F630368D1EE00C91783 /* Album Artwork Assistant_Prefix.pch */ = {isa = PBXFileReference; fileEncoding = 4; lastKnownFileType = sourcecode.c.h; path = "Album Artwork Assistant_Prefix.pch"; sourceTree = "<group>"; };
		8D1107310486CEB800E47090 /* Info.plist */ = {isa = PBXFileReference; fileEncoding = 4; lastKnownFileType = text.plist.xml; path = Info.plist; sourceTree = "<group>"; };
		8D1107320486CEB800E47090 /* Album Artwork Assistant.app */ = {isa = PBXFileReference; explicitFileType = wrapper.application; includeInIndex = 0; path = "Album Artwork Assistant.app"; sourceTree = BUILT_PRODUCTS_DIR; };
/* End PBXFileReference section */

/* Begin PBXFrameworksBuildPhase section */
		1B8F605F0FE6F30D00FF3891 /* Frameworks */ = {
			isa = PBXFrameworksBuildPhase;
			buildActionMask = 2147483647;
			files = (
				1B8236F20FE8676500ABE180 /* libz.dylib in Frameworks */,
			);
			runOnlyForDeploymentPostprocessing = 0;
		};
		8D11072E0486CEB800E47090 /* Frameworks */ = {
			isa = PBXFrameworksBuildPhase;
			buildActionMask = 2147483647;
			files = (
				1B04F3F6129C8D35007DCCE1 /* JSON.framework in Frameworks */,
				8D11072F0486CEB800E47090 /* Cocoa.framework in Frameworks */,
				1B7656EB0E28C793004A20AE /* libicucore.dylib in Frameworks */,
				1BAA29D80E2ABB3000B05717 /* Quartz.framework in Frameworks */,
				1B8CF61B0E2BD4FD0084C323 /* Carbon.framework in Frameworks */,
				1B48E71F0E82BE5500AC5357 /* Sparkle.framework in Frameworks */,
				1B7A2FF90EFC6FC00061E910 /* WebKit.framework in Frameworks */,
				1B5AC8090F04487500D2E9D5 /* AddressBook.framework in Frameworks */,
				1B8237350FE86B3700ABE180 /* libz.dylib in Frameworks */,
			);
			runOnlyForDeploymentPostprocessing = 0;
		};
/* End PBXFrameworksBuildPhase section */

/* Begin PBXGroup section */
		080E96DDFE201D6D7F000001 /* Classes */ = {
			isa = PBXGroup;
			children = (
				1B8F60700FE6F34400FF3891 /* TestSignedAwsSearchRequest.h */,
				1B8F60710FE6F34400FF3891 /* TestSignedAwsSearchRequest.m */,
				1BAF14A50E328D6200A725F6 /* StatusDelegateProtocol.h */,
				1B6B78D90E3708C900EA2035 /* IKImageBrowserFileUrlDataSource.h */,
				1B7655AC0E27FCF6004A20AE /* AppDelegate.h */,
				1B7655AD0E27FCF6004A20AE /* AppDelegate.m */,
				1BAA29D10E2ABA3300B05717 /* ImageSearchItem.h */,
				1BAA29D20E2ABA3300B05717 /* ImageSearchItem.m */,
				1B8CF5BE0E2BBD800084C323 /* UpdateOperation.h */,
				1B8CF5BF0E2BBD800084C323 /* UpdateOperation.m */,
				1B8CF7180E2C04CA0084C323 /* FetchiTunesAlbumsScriptCommand.h */,
				1B8CF7190E2C04CA0084C323 /* FetchiTunesAlbumsScriptCommand.m */,
				1B6B77360E3540D800EA2035 /* QuickLookImageBrowserView.h */,
				1B6B77350E3540D800EA2035 /* QuickLookImageBrowserView.m */,
				1B01E8270E4AD810009E8310 /* DataStore.h */,
				1B01E8280E4AD810009E8310 /* DataStore.m */,
				1B8F604B0FE6F2EC00FF3891 /* SignedAwsSearchRequest.h */,
				1B8F604C0FE6F2EC00FF3891 /* SignedAwsSearchRequest.m */,
			);
			name = Classes;
			sourceTree = "<group>";
		};
		1058C7A0FEA54F0111CA2CBB /* Linked Frameworks */ = {
			isa = PBXGroup;
			children = (
				1B7A2FF80EFC6FC00061E910 /* WebKit.framework */,
				1B48E71E0E82BE5500AC5357 /* Sparkle.framework */,
				1B7656EA0E28C793004A20AE /* libicucore.dylib */,
				1B8CF61A0E2BD4FD0084C323 /* Carbon.framework */,
				1BAA29D70E2ABB3000B05717 /* Quartz.framework */,
				1058C7A1FEA54F0111CA2CBB /* Cocoa.framework */,
			);
			name = "Linked Frameworks";
			sourceTree = "<group>";
		};
		1058C7A2FEA54F0111CA2CBB /* Other Frameworks */ = {
			isa = PBXGroup;
			children = (
				29B97324FDCFA39411CA2CEA /* AppKit.framework */,
				13E42FB307B3F0F600E4EEF1 /* CoreData.framework */,
				29B97325FDCFA39411CA2CEA /* Foundation.framework */,
			);
			name = "Other Frameworks";
			sourceTree = "<group>";
		};
		19C28FACFE9D520D11CA2CBB /* Products */ = {
			isa = PBXGroup;
			children = (
				8D1107320486CEB800E47090 /* Album Artwork Assistant.app */,
				1B8F60620FE6F30D00FF3891 /* TestSignedAwsSearchRequest.octest */,
			);
			name = Products;
			sourceTree = "<group>";
		};
		1B0B40750E4C2D64006CAE99 /* Models */ = {
			isa = PBXGroup;
			children = (
				1BBD59EC0E5A2749005F235C /* TrackGroup.h */,
				1BBD59ED0E5A2749005F235C /* TrackGroup.m */,
				1B0B40470E4BB148006CAE99 /* Album Artwork Assistant.xcdatamodel */,
			);
			name = Models;
			sourceTree = "<group>";
		};
		1B14A3020EDE8FFA00E0591A /* help-tools */ = {
			isa = PBXGroup;
			children = (
				1B14A3030EDE8FFA00E0591A /* extract-images.xslt */,
				1B14A3040EDE8FFA00E0591A /* help.css */,
				1B14A3050EDE8FFA00E0591A /* update-help.sh */,
				1B14A3060EDE8FFA00E0591A /* update-help.xslt */,
			);
			name = "help-tools";
			path = "Resources/help-tools";
			sourceTree = "<group>";
		};
		1B153C45129B9B570081958A /* Products */ = {
			isa = PBXGroup;
			children = (
				1B153C50129B9B570081958A /* JSON.framework */,
				1B153C52129B9B570081958A /* Tests.octest */,
				1B153C54129B9B570081958A /* libjson.a */,
				1B153C56129B9B570081958A /* libjsontests.octest */,
			);
			name = Products;
			sourceTree = "<group>";
		};
		1B5AC7CB0F04424C00D2E9D5 /* UKCrashReporter */ = {
			isa = PBXGroup;
			children = (
				1B5AC7DE0F0442C100D2E9D5 /* UKCrashReporter.xib */,
				1B5AC7CC0F04424C00D2E9D5 /* UKCrashReporter Readme.txt */,
				1B5AC7CD0F04424C00D2E9D5 /* UKCrashReporter.h */,
				1B5AC7CE0F04424C00D2E9D5 /* UKCrashReporter.m */,
				1B5AC7E10F0442E400D2E9D5 /* UKCrashReporter.strings */,
				1B5AC7D10F04424C00D2E9D5 /* UKNibOwner.h */,
				1B5AC7D20F04424C00D2E9D5 /* UKNibOwner.m */,
				1B5AC7D30F04424C00D2E9D5 /* UKSystemInfo.h */,
				1B5AC7D40F04424C00D2E9D5 /* UKSystemInfo.m */,
			);
			name = UKCrashReporter;
			path = "src-external/UKCrashReporter";
			sourceTree = "<group>";
		};
		1B6B771F0E353D4300EA2035 /* QuickLook */ = {
			isa = PBXGroup;
			children = (
				1B6B77210E353D5000EA2035 /* QuickLook.h */,
			);
			name = QuickLook;
			sourceTree = "<group>";
		};
		1B7655FB0E281D38004A20AE /* AppleScript */ = {
			isa = PBXGroup;
			children = (
				1B7655FA0E281D32004A20AE /* fetch-selection-info.applescript */,
				1B8CF64B0E2BD9480084C323 /* embed-artwork.applescript */,
				1BAF16740E33F05B00A725F6 /* Find with Album Artwork Assistant.scpt */,
			);
			name = AppleScript;
			sourceTree = "<group>";
		};
		1B7657C80E28E20E004A20AE /* GTM */ = {
			isa = PBXGroup;
			children = (
				1B8236C80FE85F7400ABE180 /* GTMNSData+zlib.h */,
				1B8236C70FE85F7400ABE180 /* GTMNSData+zlib.m */,
				1B8F62280FE7BCF200FF3891 /* GTMBase64.h */,
				1B8F62290FE7BCF200FF3891 /* GTMBase64.m */,
				1B5956800E81B653008B24A9 /* GTMScriptRunner.m */,
				1B5956810E81B653008B24A9 /* GTMScriptRunner.h */,
				1B8CF6220E2BD5140084C323 /* GTMFourCharCode.h */,
				1B8CF6210E2BD5140084C323 /* GTMFourCharCode.m */,
				1B76574D0E28D193004A20AE /* GTMDefines.h */,
				1B76575B0E28D28E004A20AE /* GTMMethodCheck.h */,
				1B7657590E28D283004A20AE /* GTMDebugSelectorValidation.h */,
				1B1CA3D710A0A865008479B4 /* GTMDebugThreadValidation.h */,
				1B1CA3D810A0A865008479B4 /* GTMDebugThreadValidation.m */,
				1B7657740E28D744004A20AE /* GTMNSString+URLArguments.h */,
				1B7657750E28D744004A20AE /* GTMNSString+URLArguments.m */,
				1B76574F0E28D239004A20AE /* GTMNSDictionary+URLArguments.h */,
				1B76574E0E28D239004A20AE /* GTMNSDictionary+URLArguments.m */,
				1B8CF5FC0E2BD4030084C323 /* GTMNSAppleScript+Handler.h */,
				1B8CF5FA0E2BD4030084C323 /* GTMNSAppleScript+Handler.m */,
				1B8CF6310E2BD5970084C323 /* GTMNSAppleEventDescriptor+Foundation.h */,
				1B8CF6320E2BD5970084C323 /* GTMNSAppleEventDescriptor+Foundation.m */,
				1B8CF5FB0E2BD4030084C323 /* GTMNSAppleEventDescriptor+Handler.h */,
				1B8CF5F90E2BD4030084C323 /* GTMNSAppleEventDescriptor+Handler.m */,
			);
			name = GTM;
			sourceTree = "<group>";
		};
		1B7657C90E28E229004A20AE /* RegexKitLite */ = {
			isa = PBXGroup;
			children = (
				1B7656E70E28C648004A20AE /* RegexKitLite.h */,
				1B7656E60E28C648004A20AE /* RegexKitLite.m */,
			);
			name = RegexKitLite;
			sourceTree = "<group>";
		};
		1B8F61860FE7772A00FF3891 /* hmac */ = {
			isa = PBXGroup;
			children = (
				1B8F61870FE7772A00FF3891 /* hmac_sha2.c */,
				1B8F61880FE7772A00FF3891 /* hmac_sha2.h */,
				1B8F618A0FE7772A00FF3891 /* sha2.c */,
				1B8F618B0FE7772A00FF3891 /* sha2.h */,
			);
			name = hmac;
			path = "src-external/hmac";
			sourceTree = "<group>";
		};
		1BA106770EDA9E3200233FF0 /* External Sources */ = {
			isa = PBXGroup;
			children = (
				1B153C44129B9B570081958A /* JSON.xcodeproj */,
				1B8F61860FE7772A00FF3891 /* hmac */,
				1B5AC7CB0F04424C00D2E9D5 /* UKCrashReporter */,
				1BAF160C0E33E15500A725F6 /* NDAppleScriptObject */,
				1BAF15B50E33D8A900A725F6 /* DDFoundation */,
				1B7657C90E28E229004A20AE /* RegexKitLite */,
				1B6B771F0E353D4300EA2035 /* QuickLook */,
				1B7657C80E28E20E004A20AE /* GTM */,
			);
			name = "External Sources";
			sourceTree = "<group>";
		};
		1BAF15B50E33D8A900A725F6 /* DDFoundation */ = {
			isa = PBXGroup;
			children = (
				1BAF15C50E33D8EF00A725F6 /* DDInvocationGrabber.h */,
				1BAF15C30E33D8EF00A725F6 /* DDInvocationGrabber.m */,
				1BAF15C60E33D8EF00A725F6 /* NSObject+DDExtensions.h */,
				1BAF15C40E33D8EF00A725F6 /* NSObject+DDExtensions.m */,
			);
			name = DDFoundation;
			sourceTree = "<group>";
		};
		1BAF160C0E33E15500A725F6 /* NDAppleScriptObject */ = {
			isa = PBXGroup;
			children = (
				1BAF16170E33E16800A725F6 /* NSString+NDUtilities.h */,
				1BAF160E0E33E16800A725F6 /* NSString+NDUtilities.m */,
				1BAF16190E33E16800A725F6 /* NDAppleScriptObject_Protocols.h */,
				1BAF16130E33E16800A725F6 /* NDAppleScriptObject.h */,
				1BAF160F0E33E16800A725F6 /* NDAppleScriptObject.m */,
				1BAF16120E33E16800A725F6 /* NSURL+NDCarbonUtilities.h */,
				1BAF16150E33E16800A725F6 /* NSURL+NDCarbonUtilities.m */,
				1BAF16100E33E16800A725F6 /* NDResourceFork.h */,
				1BAF16160E33E16800A725F6 /* NDResourceFork.m */,
				1BAF16140E33E16800A725F6 /* NSAppleEventDescriptor+NDAppleScriptObject.m */,
				1BAF16180E33E16800A725F6 /* NSAppleEventDescriptor+NDAppleScriptObject.h */,
				1BAF161B0E33E16800A725F6 /* NDComponentInstance.h */,
				1BAF16110E33E16800A725F6 /* NDComponentInstance.m */,
				1BAF161C0E33E16800A725F6 /* NSString+NDCarbonUtilities.h */,
				1BAF161A0E33E16800A725F6 /* NSString+NDCarbonUtilities.m */,
			);
			name = NDAppleScriptObject;
			sourceTree = "<group>";
		};
		29B97314FDCFA39411CA2CEA /* Music Artwork */ = {
			isa = PBXGroup;
			children = (
				1BC5A22710A12E2800561411 /* notes.txt */,
				1B48E7850E8326ED00AC5357 /* appcast.xml */,
				1B0B40750E4C2D64006CAE99 /* Models */,
				1B7655FB0E281D38004A20AE /* AppleScript */,
				080E96DDFE201D6D7F000001 /* Classes */,
				1BA106770EDA9E3200233FF0 /* External Sources */,
				29B97315FDCFA39411CA2CEA /* Other Sources */,
				29B97317FDCFA39411CA2CEA /* Resources */,
				29B97323FDCFA39411CA2CEA /* Frameworks */,
				19C28FACFE9D520D11CA2CBB /* Products */,
				1B5AC8080F04487500D2E9D5 /* AddressBook.framework */,
				1B8F60630FE6F30D00FF3891 /* TestSignedAwsSearchRequest-Info.plist */,
				1B8236F10FE8676500ABE180 /* libz.dylib */,
				1BC5A21610A128B400561411 /* package-distribution.sh */,
			);
			name = "Music Artwork";
			sourceTree = "<group>";
		};
		29B97315FDCFA39411CA2CEA /* Other Sources */ = {
			isa = PBXGroup;
			children = (
				32CA4F630368D1EE00C91783 /* Album Artwork Assistant_Prefix.pch */,
				29B97316FDCFA39411CA2CEA /* main.m */,
			);
			name = "Other Sources";
			sourceTree = "<group>";
		};
		29B97317FDCFA39411CA2CEA /* Resources */ = {
			isa = PBXGroup;
			children = (
				1B37BF000F4C2ECD005A5BAB /* Credits.rtfd */,
				1B87CDEF0EEDC5FD007CAD18 /* smaller.tif */,
				1B87CDF00EEDC5FD007CAD18 /* larger.tif */,
				1B14A3020EDE8FFA00E0591A /* help-tools */,
				1B14A2B80EDE13D100E0591A /* release-notes.html */,
				1B14A1320EDCAB1000E0591A /* Localizable.strings */,
				1B14A2830EDE125500E0591A /* Album Artwork Assistant Help */,
				1B48E73F0E8312F900AC5357 /* dsa_pub.pem */,
				1BD13CAE0E46E457005DD669 /* amazon2plist.xslt */,
				1B12B4EA0E347927008745CC /* Album Artwork Assistant.icns */,
				1B4CEBE90E30E5C000DD28B0 /* drawer.png */,
				1B4CEBE40E30E04900DD28B0 /* iTunes.icns */,
				1B8CF6CD0E2BFC320084C323 /* music-artwork.sdef */,
				8D1107310486CEB800E47090 /* Info.plist */,
				089C165CFE840E0CC02AAC07 /* InfoPlist.strings */,
				1DDD58140DA1D0A300B32029 /* MainMenu.xib */,
			);
			name = Resources;
			sourceTree = "<group>";
		};
		29B97323FDCFA39411CA2CEA /* Frameworks */ = {
			isa = PBXGroup;
			children = (
				1058C7A0FEA54F0111CA2CBB /* Linked Frameworks */,
				1058C7A2FEA54F0111CA2CBB /* Other Frameworks */,
			);
			name = Frameworks;
			sourceTree = "<group>";
		};
/* End PBXGroup section */

/* Begin PBXNativeTarget section */
		1B8F60610FE6F30D00FF3891 /* TestSignedAwsSearchRequest */ = {
			isa = PBXNativeTarget;
			buildConfigurationList = 1B8F60670FE6F30F00FF3891 /* Build configuration list for PBXNativeTarget "TestSignedAwsSearchRequest" */;
			buildPhases = (
				1B8F605D0FE6F30D00FF3891 /* Resources */,
				1B8F605E0FE6F30D00FF3891 /* Sources */,
				1B8F605F0FE6F30D00FF3891 /* Frameworks */,
				1B8F60600FE6F30D00FF3891 /* ShellScript */,
			);
			buildRules = (
				1B8F61AF0FE77AE900FF3891 /* PBXBuildRule */,
			);
			dependencies = (
				1B8F610E0FE6FC2500FF3891 /* PBXTargetDependency */,
			);
			name = TestSignedAwsSearchRequest;
			productName = TestSignedAwsSearchRequest;
			productReference = 1B8F60620FE6F30D00FF3891 /* TestSignedAwsSearchRequest.octest */;
			productType = "com.apple.product-type.bundle";
		};
		8D1107260486CEB800E47090 /* Album Artwork Assistant */ = {
			isa = PBXNativeTarget;
			buildConfigurationList = C01FCF4A08A954540054247B /* Build configuration list for PBXNativeTarget "Album Artwork Assistant" */;
			buildPhases = (
				1B7B84980E8C42480048A3B8 /* ShellScript */,
				8D1107290486CEB800E47090 /* Resources */,
				8D11072C0486CEB800E47090 /* Sources */,
				8D11072E0486CEB800E47090 /* Frameworks */,
				1B7656070E281D61004A20AE /* AppleScript */,
				1BAF16630E33EE6800A725F6 /* Embed iTunes AppleScript */,
				1B48E72C0E82BEAC00AC5357 /* Embed Frameworks */,
			);
			buildRules = (
			);
			dependencies = (
				1B8F611F0FE6FC2D00FF3891 /* PBXTargetDependency */,
				1BC63667129B9D640007E4E0 /* PBXTargetDependency */,
			);
			name = "Album Artwork Assistant";
			productInstallPath = "$(HOME)/Applications";
			productName = "Music Artwork";
			productReference = 8D1107320486CEB800E47090 /* Album Artwork Assistant.app */;
			productType = "com.apple.product-type.application";
		};
/* End PBXNativeTarget section */

/* Begin PBXProject section */
		29B97313FDCFA39411CA2CEA /* Project object */ = {
			isa = PBXProject;
			buildConfigurationList = C01FCF4E08A954540054247B /* Build configuration list for PBXProject "Album Artwork Assistant" */;
			compatibilityVersion = "Xcode 3.2";
			developmentRegion = English;
			hasScannedForEncodings = 1;
			knownRegions = (
				English,
				Japanese,
				French,
				German,
			);
			mainGroup = 29B97314FDCFA39411CA2CEA /* Music Artwork */;
			projectDirPath = "";
			projectReferences = (
				{
					ProductGroup = 1B153C45129B9B570081958A /* Products */;
					ProjectRef = 1B153C44129B9B570081958A /* JSON.xcodeproj */;
				},
			);
			projectRoot = "";
			targets = (
				8D1107260486CEB800E47090 /* Album Artwork Assistant */,
				1BE5C9DA0E3A1DB900334BA1 /* Distribution */,
				1B73941D0ED215E20011B0E8 /* Update Help Docs */,
				1B8F60610FE6F30D00FF3891 /* TestSignedAwsSearchRequest */,
				1B8F60BD0FE6F99E00FF3891 /* AmazonAwsSecretKeyFromKeychain */,
			);
		};
/* End PBXProject section */

/* Begin PBXReferenceProxy section */
		1B153C50129B9B570081958A /* JSON.framework */ = {
			isa = PBXReferenceProxy;
			fileType = wrapper.framework;
			path = JSON.framework;
			remoteRef = 1B153C4F129B9B570081958A /* PBXContainerItemProxy */;
			sourceTree = BUILT_PRODUCTS_DIR;
		};
		1B153C52129B9B570081958A /* Tests.octest */ = {
			isa = PBXReferenceProxy;
			fileType = wrapper.cfbundle;
			path = Tests.octest;
			remoteRef = 1B153C51129B9B570081958A /* PBXContainerItemProxy */;
			sourceTree = BUILT_PRODUCTS_DIR;
		};
		1B153C54129B9B570081958A /* libjson.a */ = {
			isa = PBXReferenceProxy;
			fileType = archive.ar;
			path = libjson.a;
			remoteRef = 1B153C53129B9B570081958A /* PBXContainerItemProxy */;
			sourceTree = BUILT_PRODUCTS_DIR;
		};
		1B153C56129B9B570081958A /* libjsontests.octest */ = {
			isa = PBXReferenceProxy;
			fileType = wrapper.cfbundle;
			path = libjsontests.octest;
			remoteRef = 1B153C55129B9B570081958A /* PBXContainerItemProxy */;
			sourceTree = BUILT_PRODUCTS_DIR;
		};
/* End PBXReferenceProxy section */

/* Begin PBXResourcesBuildPhase section */
		1B8F605D0FE6F30D00FF3891 /* Resources */ = {
			isa = PBXResourcesBuildPhase;
			buildActionMask = 2147483647;
			files = (
			);
			runOnlyForDeploymentPostprocessing = 0;
		};
		8D1107290486CEB800E47090 /* Resources */ = {
			isa = PBXResourcesBuildPhase;
			buildActionMask = 2147483647;
			files = (
				8D11072B0486CEB800E47090 /* InfoPlist.strings in Resources */,
				1DDD58160DA1D0A300B32029 /* MainMenu.xib in Resources */,
				1B8CF6CE0E2BFC320084C323 /* music-artwork.sdef in Resources */,
				1B4CEBE50E30E04900DD28B0 /* iTunes.icns in Resources */,
				1B4CEBEA0E30E5C000DD28B0 /* drawer.png in Resources */,
				1B12B4EB0E347927008745CC /* Album Artwork Assistant.icns in Resources */,
				1BD13CAF0E46E457005DD669 /* amazon2plist.xslt in Resources */,
				1B48E7400E8312F900AC5357 /* dsa_pub.pem in Resources */,
				1B14A2840EDE125500E0591A /* Album Artwork Assistant Help in Resources */,
				1B14A1330EDCAB1000E0591A /* Localizable.strings in Resources */,
				1B14A2B90EDE13D100E0591A /* release-notes.html in Resources */,
				1B14A3070EDE8FFF00E0591A /* help.css in Resources */,
				1B87CDF10EEDC5FD007CAD18 /* smaller.tif in Resources */,
				1B87CDF20EEDC5FD007CAD18 /* larger.tif in Resources */,
				1B5AC7D50F04424C00D2E9D5 /* UKCrashReporter Readme.txt in Resources */,
				1B5AC7E20F0442E400D2E9D5 /* UKCrashReporter.strings in Resources */,
				1B5AC7DF0F0442C100D2E9D5 /* UKCrashReporter.xib in Resources */,
				1B37BF010F4C2ECD005A5BAB /* Credits.rtfd in Resources */,
			);
			runOnlyForDeploymentPostprocessing = 0;
		};
/* End PBXResourcesBuildPhase section */

/* Begin PBXShellScriptBuildPhase section */
		1B73941C0ED215E20011B0E8 /* Run Script Update Help Docs From Website */ = {
			isa = PBXShellScriptBuildPhase;
			buildActionMask = 2147483647;
			files = (
			);
			inputPaths = (
			);
			name = "Run Script Update Help Docs From Website";
			outputPaths = (
			);
			runOnlyForDeploymentPostprocessing = 0;
			shellPath = /bin/sh;
			shellScript = "WD=$PWD\nsh Resources/help-tools/update-help.sh en \"$WD/Resources/English.lproj/Album Artwork Assistant Help\"\nsh Resources/help-tools/update-help.sh de \"$WD/Resources/German.lproj/Album Artwork Assistant Help\"\n";
			showEnvVarsInLog = 0;
		};
		1B7B84980E8C42480048A3B8 /* ShellScript */ = {
			isa = PBXShellScriptBuildPhase;
			buildActionMask = 2147483647;
			files = (
			);
			inputPaths = (
			);
			outputPaths = (
			);
			runOnlyForDeploymentPostprocessing = 0;
			shellPath = /bin/sh;
			shellScript = "for LANG in English German; do\n\thiutil -C -f Resources/$LANG.lproj/Album\\ Artwork\\ Assistant\\ Help/Album\\ Artwork\\ Assistant\\ Help.helpindex Resources/$LANG.lproj/Album\\ Artwork\\ Assistant\\ Help\ndone\n";
			showEnvVarsInLog = 0;
		};
		1B8F60600FE6F30D00FF3891 /* ShellScript */ = {
			isa = PBXShellScriptBuildPhase;
			buildActionMask = 2147483647;
			files = (
			);
			inputPaths = (
			);
			outputPaths = (
			);
			runOnlyForDeploymentPostprocessing = 0;
			shellPath = /bin/sh;
			shellScript = "# Run the unit tests in this test bundle.\n\"${SYSTEM_DEVELOPER_DIR}/Tools/RunUnitTests\"\n";
		};
		1B8F60BC0FE6F99E00FF3891 /* Extract AWS Secret Key from Keychain */ = {
			isa = PBXShellScriptBuildPhase;
			buildActionMask = 2147483647;
			files = (
			);
			inputPaths = (
			);
			name = "Extract AWS Secret Key from Keychain";
			outputPaths = (
			);
			runOnlyForDeploymentPostprocessing = 0;
			shellPath = /bin/sh;
			shellScript = "set -e\nperl extract-aws-secret-key-from-keychain.pl\n";
		};
		1B91FEA114FBE60700DB7C19 /* ShellScript */ = {
			isa = PBXShellScriptBuildPhase;
			buildActionMask = 2147483647;
			files = (
			);
			inputPaths = (
			);
			outputPaths = (
			);
			runOnlyForDeploymentPostprocessing = 0;
			shellPath = /bin/sh;
			shellScript = "echo packaging distribution";
		};
		1BE5C9D90E3A1DB900334BA1 /* Run Script Prepare Distribution */ = {
			isa = PBXShellScriptBuildPhase;
			buildActionMask = 2147483647;
			files = (
			);
			inputPaths = (
			);
			name = "Run Script Prepare Distribution";
			outputPaths = (
			);
			runOnlyForDeploymentPostprocessing = 0;
			shellPath = /bin/bash;
			shellScript = "bash package-distribution.sh";
		};
/* End PBXShellScriptBuildPhase section */

/* Begin PBXSourcesBuildPhase section */
		1B8F605E0FE6F30D00FF3891 /* Sources */ = {
			isa = PBXSourcesBuildPhase;
			buildActionMask = 2147483647;
			files = (
				1B8F61F20FE7BA7300FF3891 /* hmac_sha2.c in Sources */,
				1B8F61ED0FE7B9D900FF3891 /* sha2.c in Sources */,
				1B8F616C0FE705C600FF3891 /* GTMNSString+URLArguments.m in Sources */,
				1B8F60680FE6F32900FF3891 /* SignedAwsSearchRequest.m in Sources */,
				1B8F60720FE6F34400FF3891 /* TestSignedAwsSearchRequest.m in Sources */,
				1B8F622A0FE7BCF200FF3891 /* GTMBase64.m in Sources */,
				1B8236C90FE85F7400ABE180 /* GTMNSData+zlib.m in Sources */,
			);
			runOnlyForDeploymentPostprocessing = 0;
		};
		8D11072C0486CEB800E47090 /* Sources */ = {
			isa = PBXSourcesBuildPhase;
			buildActionMask = 2147483647;
			files = (
				8D11072D0486CEB800E47090 /* main.m in Sources */,
				1B7655AE0E27FCF6004A20AE /* AppDelegate.m in Sources */,
				1B7657500E28D239004A20AE /* GTMNSDictionary+URLArguments.m in Sources */,
				1B7657760E28D744004A20AE /* GTMNSString+URLArguments.m in Sources */,
				1BAA29D30E2ABA3300B05717 /* ImageSearchItem.m in Sources */,
				1B8CF5C00E2BBD800084C323 /* UpdateOperation.m in Sources */,
				1B8CF5FD0E2BD4030084C323 /* GTMNSAppleEventDescriptor+Handler.m in Sources */,
				1B8CF5FE0E2BD4030084C323 /* GTMNSAppleScript+Handler.m in Sources */,
				1B8CF6230E2BD5140084C323 /* GTMFourCharCode.m in Sources */,
				1B8CF6330E2BD5970084C323 /* GTMNSAppleEventDescriptor+Foundation.m in Sources */,
				1B8CF71A0E2C04CA0084C323 /* FetchiTunesAlbumsScriptCommand.m in Sources */,
				1BAF15C70E33D8EF00A725F6 /* DDInvocationGrabber.m in Sources */,
				1BAF15C80E33D8EF00A725F6 /* NSObject+DDExtensions.m in Sources */,
				1B6B77370E3540D800EA2035 /* QuickLookImageBrowserView.m in Sources */,
				1B01E8290E4AD810009E8310 /* DataStore.m in Sources */,
				1B0B40480E4BB148006CAE99 /* Album Artwork Assistant.xcdatamodel in Sources */,
				1BBD59EE0E5A2749005F235C /* TrackGroup.m in Sources */,
				1B5956820E81B653008B24A9 /* GTMScriptRunner.m in Sources */,
				1B5AC7D60F04424C00D2E9D5 /* UKCrashReporter.m in Sources */,
				1B5AC7D90F04424C00D2E9D5 /* UKNibOwner.m in Sources */,
				1B5AC7DA0F04424C00D2E9D5 /* UKSystemInfo.m in Sources */,
				1B8F604D0FE6F2EC00FF3891 /* SignedAwsSearchRequest.m in Sources */,
				1B8F618F0FE7772A00FF3891 /* hmac_sha2.c in Sources */,
				1B8F61910FE7772A00FF3891 /* sha2.c in Sources */,
				1B8F622B0FE7BCF200FF3891 /* GTMBase64.m in Sources */,
				1B8236CA0FE85F7400ABE180 /* GTMNSData+zlib.m in Sources */,
				1B1CA3D910A0A865008479B4 /* GTMDebugThreadValidation.m in Sources */,
				1BD22FE3129CDD63008E87DA /* RegexKitLite.m in Sources */,
			);
			runOnlyForDeploymentPostprocessing = 0;
		};
/* End PBXSourcesBuildPhase section */

/* Begin PBXTargetDependency section */
		1B7394220ED215F40011B0E8 /* PBXTargetDependency */ = {
			isa = PBXTargetDependency;
			target = 1B73941D0ED215E20011B0E8 /* Update Help Docs */;
			targetProxy = 1B7394210ED215F40011B0E8 /* PBXContainerItemProxy */;
		};
		1B8F610E0FE6FC2500FF3891 /* PBXTargetDependency */ = {
			isa = PBXTargetDependency;
			target = 1B8F60BD0FE6F99E00FF3891 /* AmazonAwsSecretKeyFromKeychain */;
			targetProxy = 1B8F610D0FE6FC2500FF3891 /* PBXContainerItemProxy */;
		};
		1B8F611F0FE6FC2D00FF3891 /* PBXTargetDependency */ = {
			isa = PBXTargetDependency;
			target = 1B8F60BD0FE6F99E00FF3891 /* AmazonAwsSecretKeyFromKeychain */;
			targetProxy = 1B8F611E0FE6FC2D00FF3891 /* PBXContainerItemProxy */;
		};
		1BC63667129B9D640007E4E0 /* PBXTargetDependency */ = {
			isa = PBXTargetDependency;
			name = JSON;
			targetProxy = 1BC63666129B9D640007E4E0 /* PBXContainerItemProxy */;
		};
		1BE5C9DE0E3A1DBF00334BA1 /* PBXTargetDependency */ = {
			isa = PBXTargetDependency;
			target = 8D1107260486CEB800E47090 /* Album Artwork Assistant */;
			targetProxy = 1BE5C9DD0E3A1DBF00334BA1 /* PBXContainerItemProxy */;
		};
/* End PBXTargetDependency section */

/* Begin PBXVariantGroup section */
		089C165CFE840E0CC02AAC07 /* InfoPlist.strings */ = {
			isa = PBXVariantGroup;
			children = (
				089C165DFE840E0CC02AAC07 /* InfoPlist.strings */,
			);
			name = InfoPlist.strings;
			sourceTree = "<group>";
		};
		1B14A1320EDCAB1000E0591A /* Localizable.strings */ = {
			isa = PBXVariantGroup;
			children = (
				1B14A1300EDCAB0700E0591A /* English */,
				1B14A1940EDCC5AC00E0591A /* German */,
			);
			name = Localizable.strings;
			sourceTree = "<group>";
		};
		1B14A2830EDE125500E0591A /* Album Artwork Assistant Help */ = {
			isa = PBXVariantGroup;
			children = (
				1B7B84750E8C3D200048A3B8 /* English */,
				1B14A2CA0EDE83FC00E0591A /* German */,
			);
			name = "Album Artwork Assistant Help";
			sourceTree = "<group>";
		};
		1B5AC7DE0F0442C100D2E9D5 /* UKCrashReporter.xib */ = {
			isa = PBXVariantGroup;
			children = (
				1B5AC7DC0F04429B00D2E9D5 /* English */,
				1B5AC7E00F0442CD00D2E9D5 /* German */,
			);
			name = UKCrashReporter.xib;
			sourceTree = "<group>";
		};
		1B5AC7E10F0442E400D2E9D5 /* UKCrashReporter.strings */ = {
			isa = PBXVariantGroup;
			children = (
				1B5AC7D00F04424C00D2E9D5 /* English */,
				1B5AC7E30F0442EC00D2E9D5 /* German */,
			);
			name = UKCrashReporter.strings;
			sourceTree = "<group>";
		};
		1DDD58140DA1D0A300B32029 /* MainMenu.xib */ = {
			isa = PBXVariantGroup;
			children = (
				1DDD58150DA1D0A300B32029 /* English */,
				1B14A18C0EDCBA7600E0591A /* German */,
			);
			name = MainMenu.xib;
			sourceTree = "<group>";
		};
/* End PBXVariantGroup section */

/* Begin XCBuildConfiguration section */
		1B73941E0ED215E30011B0E8 /* Debug */ = {
			isa = XCBuildConfiguration;
			buildSettings = {
				COPY_PHASE_STRIP = NO;
				GCC_DYNAMIC_NO_PIC = NO;
				GCC_OPTIMIZATION_LEVEL = 0;
				PRODUCT_NAME = "Update Help Docs";
			};
			name = Debug;
		};
		1B73941F0ED215E30011B0E8 /* Debug no net */ = {
			isa = XCBuildConfiguration;
			buildSettings = {
				PRODUCT_NAME = "Update Help Docs";
			};
			name = "Debug no net";
		};
		1B7394200ED215E30011B0E8 /* Release */ = {
			isa = XCBuildConfiguration;
			buildSettings = {
				COPY_PHASE_STRIP = YES;
				DEBUG_INFORMATION_FORMAT = "dwarf-with-dsym";
				GCC_ENABLE_FIX_AND_CONTINUE = NO;
				PRODUCT_NAME = "Update Help Docs";
				ZERO_LINK = NO;
			};
			name = Release;
		};
		1B77CBEC0E3CE52900465756 /* Debug no net */ = {
			isa = XCBuildConfiguration;
			buildSettings = {
				ARCHS = (
					x86_64,
					i386,
				);
				COPY_PHASE_STRIP = NO;
				CURRENT_PROJECT_VERSION = 3.2;
				GCC_C_LANGUAGE_STANDARD = c99;
				GCC_ENABLE_FIX_AND_CONTINUE = YES;
				GCC_ENABLE_OBJC_GC = required;
				GCC_OPTIMIZATION_LEVEL = 0;
				GCC_PREPROCESSOR_DEFINITIONS = (
					NS_BUILD_32_LIKE_64,
					DEBUG_NONET,
				);
				GCC_VERSION = com.apple.compilers.llvm.clang.1_0;
				GCC_WARN_64_TO_32_BIT_CONVERSION = YES;
				GCC_WARN_ABOUT_RETURN_TYPE = YES;
				GCC_WARN_UNUSED_VARIABLE = YES;
				KEYCHAIN_AWS_SECRET_KEY_NAME = "";
				MACOSX_DEPLOYMENT_TARGET = 10.6;
				ONLY_ACTIVE_ARCH = YES;
				PREBINDING = NO;
				STRIP_INSTALLED_PRODUCT = NO;
				VERSIONING_SYSTEM = "apple-generic";
			};
			name = "Debug no net";
		};
		1B77CBED0E3CE52900465756 /* Debug no net */ = {
			isa = XCBuildConfiguration;
			buildSettings = {
				CODE_SIGN_IDENTITY = "Developer ID Application: Marc Liyanage";
				COPY_PHASE_STRIP = NO;
				FRAMEWORK_SEARCH_PATHS = (
					"$(inherited)",
					"\"$(SRCROOT)/sparkle/With Garbage Collection\"",
					"\"$(SRCROOT)/src-external/json-framework/build/Debug\"",
				);
				GCC_DYNAMIC_NO_PIC = NO;
				GCC_ENABLE_FIX_AND_CONTINUE = YES;
				GCC_MODEL_TUNING = G5;
				GCC_OPTIMIZATION_LEVEL = 0;
				GCC_PRECOMPILE_PREFIX_HEADER = YES;
				GCC_PREFIX_HEADER = "Album Artwork Assistant_Prefix.pch";
				INFOPLIST_FILE = Info.plist;
				INSTALL_PATH = "$(HOME)/Applications";
				OTHER_LDFLAGS = "-lstdc++";
				PRODUCT_NAME = "Album Artwork Assistant";
				PROVISIONING_PROFILE = "";
			};
			name = "Debug no net";
		};
		1B77CBEE0E3CE52900465756 /* Debug no net */ = {
			isa = XCBuildConfiguration;
			buildSettings = {
				COPY_PHASE_STRIP = NO;
				GCC_DYNAMIC_NO_PIC = NO;
				GCC_OPTIMIZATION_LEVEL = 0;
				PRODUCT_NAME = "Album Artwork Assistant";
			};
			name = "Debug no net";
		};
		1B8F60640FE6F30F00FF3891 /* Debug */ = {
			isa = XCBuildConfiguration;
			buildSettings = {
				ALWAYS_SEARCH_USER_PATHS = NO;
				COPY_PHASE_STRIP = NO;
				FRAMEWORK_SEARCH_PATHS = "$(DEVELOPER_LIBRARY_DIR)/Frameworks";
				GCC_DYNAMIC_NO_PIC = NO;
				GCC_ENABLE_FIX_AND_CONTINUE = NO;
				GCC_ENABLE_OBJC_EXCEPTIONS = YES;
				GCC_MODEL_TUNING = G5;
				GCC_OPTIMIZATION_LEVEL = 0;
				GCC_PRECOMPILE_PREFIX_HEADER = NO;
				INFOPLIST_FILE = "TestSignedAwsSearchRequest-Info.plist";
				INSTALL_PATH = "$(USER_LIBRARY_DIR)/Bundles";
				OTHER_LDFLAGS = (
					"-framework",
					Cocoa,
					"-framework",
					SenTestingKit,
				);
				PREBINDING = NO;
				PRODUCT_NAME = TestSignedAwsSearchRequest;
				WRAPPER_EXTENSION = octest;
			};
			name = Debug;
		};
		1B8F60650FE6F30F00FF3891 /* Debug no net */ = {
			isa = XCBuildConfiguration;
			buildSettings = {
				ALWAYS_SEARCH_USER_PATHS = NO;
				FRAMEWORK_SEARCH_PATHS = "$(DEVELOPER_LIBRARY_DIR)/Frameworks";
				GCC_ENABLE_FIX_AND_CONTINUE = NO;
				GCC_ENABLE_OBJC_EXCEPTIONS = YES;
				GCC_MODEL_TUNING = G5;
				GCC_PRECOMPILE_PREFIX_HEADER = NO;
				INFOPLIST_FILE = "TestSignedAwsSearchRequest-Info.plist";
				INSTALL_PATH = "$(USER_LIBRARY_DIR)/Bundles";
				OTHER_LDFLAGS = (
					"-framework",
					Cocoa,
					"-framework",
					SenTestingKit,
				);
				PREBINDING = NO;
				PRODUCT_NAME = TestSignedAwsSearchRequest;
				WRAPPER_EXTENSION = octest;
			};
			name = "Debug no net";
		};
		1B8F60660FE6F30F00FF3891 /* Release */ = {
			isa = XCBuildConfiguration;
			buildSettings = {
				ALWAYS_SEARCH_USER_PATHS = NO;
				COPY_PHASE_STRIP = YES;
				DEBUG_INFORMATION_FORMAT = "dwarf-with-dsym";
				FRAMEWORK_SEARCH_PATHS = "$(DEVELOPER_LIBRARY_DIR)/Frameworks";
				GCC_ENABLE_FIX_AND_CONTINUE = NO;
				GCC_ENABLE_OBJC_EXCEPTIONS = YES;
				GCC_MODEL_TUNING = G5;
				GCC_PRECOMPILE_PREFIX_HEADER = NO;
				INFOPLIST_FILE = "TestSignedAwsSearchRequest-Info.plist";
				INSTALL_PATH = "$(USER_LIBRARY_DIR)/Bundles";
				OTHER_LDFLAGS = (
					"-framework",
					Cocoa,
					"-framework",
					SenTestingKit,
				);
				PREBINDING = NO;
				PRODUCT_NAME = TestSignedAwsSearchRequest;
				WRAPPER_EXTENSION = octest;
				ZERO_LINK = NO;
			};
			name = Release;
		};
		1B8F60BE0FE6F9A000FF3891 /* Debug */ = {
			isa = XCBuildConfiguration;
			buildSettings = {
				COPY_PHASE_STRIP = NO;
				GCC_DYNAMIC_NO_PIC = NO;
				GCC_OPTIMIZATION_LEVEL = 0;
				PRODUCT_NAME = AmazonAwsSecretKeyFromKeychain;
			};
			name = Debug;
		};
		1B8F60BF0FE6F9A000FF3891 /* Debug no net */ = {
			isa = XCBuildConfiguration;
			buildSettings = {
				PRODUCT_NAME = AmazonAwsSecretKeyFromKeychain;
			};
			name = "Debug no net";
		};
		1B8F60C00FE6F9A000FF3891 /* Release */ = {
			isa = XCBuildConfiguration;
			buildSettings = {
				COPY_PHASE_STRIP = YES;
				DEBUG_INFORMATION_FORMAT = "dwarf-with-dsym";
				GCC_ENABLE_FIX_AND_CONTINUE = NO;
				PRODUCT_NAME = AmazonAwsSecretKeyFromKeychain;
				ZERO_LINK = NO;
			};
			name = Release;
		};
		1BE5C9DB0E3A1DBA00334BA1 /* Debug */ = {
			isa = XCBuildConfiguration;
			buildSettings = {
				COPY_PHASE_STRIP = NO;
				GCC_DYNAMIC_NO_PIC = NO;
				GCC_OPTIMIZATION_LEVEL = 0;
				PRODUCT_NAME = "Album Artwork Assistant";
			};
			name = Debug;
		};
		1BE5C9DC0E3A1DBA00334BA1 /* Release */ = {
			isa = XCBuildConfiguration;
			buildSettings = {
				COPY_PHASE_STRIP = YES;
				DEBUG_INFORMATION_FORMAT = "dwarf-with-dsym";
				GCC_ENABLE_FIX_AND_CONTINUE = NO;
				PRODUCT_NAME = "Album Artwork Assistant";
				ZERO_LINK = NO;
			};
			name = Release;
		};
		C01FCF4B08A954540054247B /* Debug */ = {
			isa = XCBuildConfiguration;
			buildSettings = {
				CODE_SIGN_IDENTITY = "Developer ID Application: Marc Liyanage";
				COPY_PHASE_STRIP = NO;
				FRAMEWORK_SEARCH_PATHS = (
					"$(inherited)",
					"\"$(SRCROOT)/sparkle/With Garbage Collection\"",
					"\"$(SRCROOT)/src-external/json-framework/build/Debug\"",
				);
				GCC_DYNAMIC_NO_PIC = NO;
				GCC_ENABLE_FIX_AND_CONTINUE = YES;
				GCC_OPTIMIZATION_LEVEL = 0;
				GCC_PRECOMPILE_PREFIX_HEADER = YES;
				GCC_PREFIX_HEADER = "Album Artwork Assistant_Prefix.pch";
				INFOPLIST_FILE = Info.plist;
				INSTALL_PATH = "$(HOME)/Applications";
				OTHER_LDFLAGS = "-lstdc++";
				PRODUCT_NAME = "Album Artwork Assistant";
				PROVISIONING_PROFILE = "";
			};
			name = Debug;
		};
		C01FCF4C08A954540054247B /* Release */ = {
			isa = XCBuildConfiguration;
			buildSettings = {
				CODE_SIGN_IDENTITY = "Developer ID Application: Marc Liyanage";
				DEBUG_INFORMATION_FORMAT = "dwarf-with-dsym";
				FRAMEWORK_SEARCH_PATHS = (
					"$(inherited)",
					"\"$(SRCROOT)/sparkle/With Garbage Collection\"",
					"\"$(SRCROOT)/src-external/json-framework/build/Debug\"",
				);
				GCC_MODEL_TUNING = G5;
				GCC_PRECOMPILE_PREFIX_HEADER = YES;
				GCC_PREFIX_HEADER = "Album Artwork Assistant_Prefix.pch";
				INFOPLIST_FILE = Info.plist;
				INSTALL_PATH = "$(HOME)/Applications";
				OTHER_LDFLAGS = "-lstdc++";
				PRODUCT_NAME = "Album Artwork Assistant";
				PROVISIONING_PROFILE = "";
			};
			name = Release;
		};
		C01FCF4F08A954540054247B /* Debug */ = {
			isa = XCBuildConfiguration;
			buildSettings = {
				ARCHS = (
					x86_64,
					i386,
				);
				COPY_PHASE_STRIP = NO;
				CURRENT_PROJECT_VERSION = 3.2;
				GCC_C_LANGUAGE_STANDARD = c99;
				GCC_ENABLE_FIX_AND_CONTINUE = YES;
				GCC_ENABLE_OBJC_GC = required;
				GCC_OPTIMIZATION_LEVEL = 0;
				GCC_PREPROCESSOR_DEFINITIONS = NS_BUILD_32_LIKE_64;
				GCC_VERSION = com.apple.compilers.llvm.clang.1_0;
				GCC_WARN_64_TO_32_BIT_CONVERSION = YES;
				GCC_WARN_ABOUT_RETURN_TYPE = YES;
				GCC_WARN_UNUSED_VARIABLE = YES;
				KEYCHAIN_AWS_SECRET_KEY_NAME = "";
				MACOSX_DEPLOYMENT_TARGET = 10.6;
				ONLY_ACTIVE_ARCH = YES;
				PREBINDING = NO;
				STRIP_INSTALLED_PRODUCT = NO;
				SU_FEED_URL = "http://127.0.0.1/album-artwork-assistant/appcast.debug.xml";
				VERSIONING_SYSTEM = "apple-generic";
			};
			name = Debug;
		};
		C01FCF5008A954540054247B /* Release */ = {
			isa = XCBuildConfiguration;
			buildSettings = {
				ARCHS = (
					x86_64,
					i386,
				);
				COPY_PHASE_STRIP = NO;
				CURRENT_PROJECT_VERSION = 3.2;
				GCC_C_LANGUAGE_STANDARD = c99;
				GCC_ENABLE_OBJC_GC = required;
				GCC_PREPROCESSOR_DEFINITIONS = NS_BUILD_32_LIKE_64;
				GCC_VERSION = com.apple.compilers.llvm.clang.1_0;
				GCC_WARN_64_TO_32_BIT_CONVERSION = YES;
				GCC_WARN_ABOUT_RETURN_TYPE = YES;
				GCC_WARN_UNUSED_VARIABLE = YES;
				KEYCHAIN_AWS_SECRET_KEY_NAME = "";
				MACOSX_DEPLOYMENT_TARGET = 10.6;
				ONLY_ACTIVE_ARCH = NO;
				STRIP_INSTALLED_PRODUCT = NO;
				SU_FEED_URL = "http://www.entropy.ch/software/macosx/album-artwork-assistant/appcast.xml";
				VERSIONING_SYSTEM = "apple-generic";
			};
			name = Release;
		};
/* End XCBuildConfiguration section */

/* Begin XCConfigurationList section */
		1B7394230ED216140011B0E8 /* Build configuration list for PBXAggregateTarget "Update Help Docs" */ = {
			isa = XCConfigurationList;
			buildConfigurations = (
				1B73941E0ED215E30011B0E8 /* Debug */,
				1B73941F0ED215E30011B0E8 /* Debug no net */,
				1B7394200ED215E30011B0E8 /* Release */,
			);
			defaultConfigurationIsVisible = 0;
			defaultConfigurationName = Release;
		};
		1B8F60670FE6F30F00FF3891 /* Build configuration list for PBXNativeTarget "TestSignedAwsSearchRequest" */ = {
			isa = XCConfigurationList;
			buildConfigurations = (
				1B8F60640FE6F30F00FF3891 /* Debug */,
				1B8F60650FE6F30F00FF3891 /* Debug no net */,
				1B8F60660FE6F30F00FF3891 /* Release */,
			);
			defaultConfigurationIsVisible = 0;
			defaultConfigurationName = Release;
		};
		1B8F60C10FE6F9BE00FF3891 /* Build configuration list for PBXAggregateTarget "AmazonAwsSecretKeyFromKeychain" */ = {
			isa = XCConfigurationList;
			buildConfigurations = (
				1B8F60BE0FE6F9A000FF3891 /* Debug */,
				1B8F60BF0FE6F9A000FF3891 /* Debug no net */,
				1B8F60C00FE6F9A000FF3891 /* Release */,
			);
			defaultConfigurationIsVisible = 0;
			defaultConfigurationName = Release;
		};
		1BE5C9E30E3A1DD800334BA1 /* Build configuration list for PBXAggregateTarget "Distribution" */ = {
			isa = XCConfigurationList;
			buildConfigurations = (
				1BE5C9DB0E3A1DBA00334BA1 /* Debug */,
				1B77CBEE0E3CE52900465756 /* Debug no net */,
				1BE5C9DC0E3A1DBA00334BA1 /* Release */,
			);
			defaultConfigurationIsVisible = 0;
			defaultConfigurationName = Release;
		};
		C01FCF4A08A954540054247B /* Build configuration list for PBXNativeTarget "Album Artwork Assistant" */ = {
			isa = XCConfigurationList;
			buildConfigurations = (
				C01FCF4B08A954540054247B /* Debug */,
				1B77CBED0E3CE52900465756 /* Debug no net */,
				C01FCF4C08A954540054247B /* Release */,
			);
			defaultConfigurationIsVisible = 0;
			defaultConfigurationName = Release;
		};
		C01FCF4E08A954540054247B /* Build configuration list for PBXProject "Album Artwork Assistant" */ = {
			isa = XCConfigurationList;
			buildConfigurations = (
				C01FCF4F08A954540054247B /* Debug */,
				1B77CBEC0E3CE52900465756 /* Debug no net */,
				C01FCF5008A954540054247B /* Release */,
			);
			defaultConfigurationIsVisible = 0;
			defaultConfigurationName = Release;
		};
/* End XCConfigurationList section */
	};
	rootObject = 29B97313FDCFA39411CA2CEA /* Project object */;
}
